// !$*UTF8*$!
{
	archiveVersion = 1;
	classes = {
	};
	objectVersion = 46;
	objects = {

/* Begin PBXBuildFile section */
		F2B24DE21DE42D6500ED420C /* AppDelegate.swift in Sources */ = {isa = PBXBuildFile; fileRef = F2B24DE11DE42D6500ED420C /* AppDelegate.swift */; };
		F2B24DE41DE42D6500ED420C /* ViewController.swift in Sources */ = {isa = PBXBuildFile; fileRef = F2B24DE31DE42D6500ED420C /* ViewController.swift */; };
		F2B24DE71DE42D6500ED420C /* Main.storyboard in Resources */ = {isa = PBXBuildFile; fileRef = F2B24DE51DE42D6500ED420C /* Main.storyboard */; };
		F2B24DEA1DE42D6500ED420C /* iShare.xcdatamodeld in Sources */ = {isa = PBXBuildFile; fileRef = F2B24DE81DE42D6500ED420C /* iShare.xcdatamodeld */; };
		F2B24DEC1DE42D6500ED420C /* Assets.xcassets in Resources */ = {isa = PBXBuildFile; fileRef = F2B24DEB1DE42D6500ED420C /* Assets.xcassets */; };
		F2B24DEF1DE42D6500ED420C /* LaunchScreen.storyboard in Resources */ = {isa = PBXBuildFile; fileRef = F2B24DED1DE42D6500ED420C /* LaunchScreen.storyboard */; };
		F2B24DF81DE42DB400ED420C /* Social.framework in Frameworks */ = {isa = PBXBuildFile; fileRef = F2B24DF71DE42DB400ED420C /* Social.framework */; };
/* End PBXBuildFile section */

/* Begin PBXFileReference section */
		F2B24DDE1DE42D6400ED420C /* iShare.app */ = {isa = PBXFileReference; explicitFileType = wrapper.application; includeInIndex = 0; path = iShare.app; sourceTree = BUILT_PRODUCTS_DIR; };
		F2B24DE11DE42D6500ED420C /* AppDelegate.swift */ = {isa = PBXFileReference; lastKnownFileType = sourcecode.swift; path = AppDelegate.swift; sourceTree = "<group>"; };
		F2B24DE31DE42D6500ED420C /* ViewController.swift */ = {isa = PBXFileReference; lastKnownFileType = sourcecode.swift; path = ViewController.swift; sourceTree = "<group>"; };
		F2B24DE61DE42D6500ED420C /* Base */ = {isa = PBXFileReference; lastKnownFileType = file.storyboard; name = Base; path = Base.lproj/Main.storyboard; sourceTree = "<group>"; };
		F2B24DE91DE42D6500ED420C /* iShare.xcdatamodel */ = {isa = PBXFileReference; lastKnownFileType = wrapper.xcdatamodel; path = iShare.xcdatamodel; sourceTree = "<group>"; };
		F2B24DEB1DE42D6500ED420C /* Assets.xcassets */ = {isa = PBXFileReference; lastKnownFileType = folder.assetcatalog; path = Assets.xcassets; sourceTree = "<group>"; };
		F2B24DEE1DE42D6500ED420C /* Base */ = {isa = PBXFileReference; lastKnownFileType = file.storyboard; name = Base; path = Base.lproj/LaunchScreen.storyboard; sourceTree = "<group>"; };
		F2B24DF01DE42D6500ED420C /* Info.plist */ = {isa = PBXFileReference; lastKnownFileType = text.plist.xml; path = Info.plist; sourceTree = "<group>"; };
		F2B24DF71DE42DB400ED420C /* Social.framework */ = {isa = PBXFileReference; lastKnownFileType = wrapper.framework; name = Social.framework; path = System/Library/Frameworks/Social.framework; sourceTree = SDKROOT; };
/* End PBXFileReference section */

/* Begin PBXFrameworksBuildPhase section */
		F2B24DDB1DE42D6400ED420C /* Frameworks */ = {
			isa = PBXFrameworksBuildPhase;
			buildActionMask = 2147483647;
			files = (
				F2B24DF81DE42DB400ED420C /* Social.framework in Frameworks */,
			);
			runOnlyForDeploymentPostprocessing = 0;
		};
/* End PBXFrameworksBuildPhase section */

/* Begin PBXGroup section */
		F2B24DD51DE42D6300ED420C = {
			isa = PBXGroup;
			children = (
				F2B24DE01DE42D6500ED420C /* iShare */,
				F2B24DDF1DE42D6500ED420C /* Products */,
				F2B24DF61DE42DB400ED420C /* Frameworks */,
			);
			sourceTree = "<group>";
		};
		F2B24DDF1DE42D6500ED420C /* Products */ = {
			isa = PBXGroup;
			children = (
				F2B24DDE1DE42D6400ED420C /* iShare.app */,
			);
			name = Products;
			sourceTree = "<group>";
		};
		F2B24DE01DE42D6500ED420C /* iShare */ = {
			isa = PBXGroup;
			children = (
				F2B24DE11DE42D6500ED420C /* AppDelegate.swift */,
				F2B24DE31DE42D6500ED420C /* ViewController.swift */,
				F2B24DE51DE42D6500ED420C /* Main.storyboard */,
				F2B24DEB1DE42D6500ED420C /* Assets.xcassets */,
				F2B24DED1DE42D6500ED420C /* LaunchScreen.storyboard */,
				F2B24DF01DE42D6500ED420C /* Info.plist */,
				F2B24DE81DE42D6500ED420C /* iShare.xcdatamodeld */,
			);
			path = iShare;
			sourceTree = "<group>";
		};
		F2B24DF61DE42DB400ED420C /* Frameworks */ = {
			isa = PBXGroup;
			children = (
				F2B24DF71DE42DB400ED420C /* Social.framework */,
			);
			name = Frameworks;
			sourceTree = "<group>";
		};
/* End PBXGroup section */

/* Begin PBXNativeTarget section */
		F2B24DDD1DE42D6400ED420C /* iShare */ = {
			isa = PBXNativeTarget;
			buildConfigurationList = F2B24DF31DE42D6500ED420C /* Build configuration list for PBXNativeTarget "iShare" */;
			buildPhases = (
				F2B24DDA1DE42D6400ED420C /* Sources */,
				F2B24DDB1DE42D6400ED420C /* Frameworks */,
				F2B24DDC1DE42D6400ED420C /* Resources */,
			);
			buildRules = (
			);
			dependencies = (
			);
			name = iShare;
			productName = iShare;
			productReference = F2B24DDE1DE42D6400ED420C /* iShare.app */;
			productType = "com.apple.product-type.application";
		};
/* End PBXNativeTarget section */

/* Begin PBXProject section */
		F2B24DD61DE42D6400ED420C /* Project object */ = {
			isa = PBXProject;
			attributes = {
				LastSwiftUpdateCheck = 0810;
				LastUpgradeCheck = 0810;
				ORGANIZATIONNAME = "Moeung Theara";
				TargetAttributes = {
					F2B24DDD1DE42D6400ED420C = {
						CreatedOnToolsVersion = 8.1;
						ProvisioningStyle = Automatic;
					};
				};
			};
			buildConfigurationList = F2B24DD91DE42D6400ED420C /* Build configuration list for PBXProject "iShare" */;
			compatibilityVersion = "Xcode 3.2";
			developmentRegion = English;
			hasScannedForEncodings = 0;
			knownRegions = (
				en,
				Base,
			);
			mainGroup = F2B24DD51DE42D6300ED420C;
			productRefGroup = F2B24DDF1DE42D6500ED420C /* Products */;
			projectDirPath = "";
			projectRoot = "";
			targets = (
				F2B24DDD1DE42D6400ED420C /* iShare */,
			);
		};
/* End PBXProject section */

/* Begin PBXResourcesBuildPhase section */
		F2B24DDC1DE42D6400ED420C /* Resources */ = {
			isa = PBXResourcesBuildPhase;
			buildActionMask = 2147483647;
			files = (
				F2B24DEF1DE42D6500ED420C /* LaunchScreen.storyboard in Resources */,
				F2B24DEC1DE42D6500ED420C /* Assets.xcassets in Resources */,
				F2B24DE71DE42D6500ED420C /* Main.storyboard in Resources */,
			);
			runOnlyForDeploymentPostprocessing = 0;
		};
/* End PBXResourcesBuildPhase section */

/* Begin PBXSourcesBuildPhase section */
		F2B24DDA1DE42D6400ED420C /* Sources */ = {
			isa = PBXSourcesBuildPhase;
			buildActionMask = 2147483647;
			files = (
				F2B24DEA1DE42D6500ED420C /* iShare.xcdatamodeld in Sources */,
				F2B24DE41DE42D6500ED420C /* ViewController.swift in Sources */,
				F2B24DE21DE42D6500ED420C /* AppDelegate.swift in Sources */,
			);
			runOnlyForDeploymentPostprocessing = 0;
		};
/* End PBXSourcesBuildPhase section */

/* Begin PBXVariantGroup section */
		F2B24DE51DE42D6500ED420C /* Main.storyboard */ = {
			isa = PBXVariantGroup;
			children = (
				F2B24DE61DE42D6500ED420C /* Base */,
			);
			name = Main.storyboard;
			sourceTree = "<group>";
		};
		F2B24DED1DE42D6500ED420C /* LaunchScreen.storyboard */ = {
			isa = PBXVariantGroup;
			children = (
				F2B24DEE1DE42D6500ED420C /* Base */,
			);
			name = LaunchScreen.storyboard;
			sourceTree = "<group>";
		};
/* End PBXVariantGroup section */

/* Begin XCBuildConfiguration section */
		F2B24DF11DE42D6500ED420C /* Debug */ = {
			isa = XCBuildConfiguration;
			buildSettings = {
				ALWAYS_SEARCH_USER_PATHS = NO;
				CLANG_ANALYZER_NONNULL = YES;
				CLANG_CXX_LANGUAGE_STANDARD = "gnu++0x";
				CLANG_CXX_LIBRARY = "libc++";
				CLANG_ENABLE_MODULES = YES;
				CLANG_ENABLE_OBJC_ARC = YES;
				CLANG_WARN_BOOL_CONVERSION = YES;
				CLANG_WARN_CONSTANT_CONVERSION = YES;
				CLANG_WARN_DIRECT_OBJC_ISA_USAGE = YES_ERROR;
				CLANG_WARN_DOCUMENTATION_COMMENTS = YES;
				CLANG_WARN_EMPTY_BODY = YES;
				CLANG_WARN_ENUM_CONVERSION = YES;
				CLANG_WARN_INFINITE_RECURSION = YES;
				CLANG_WARN_INT_CONVERSION = YES;
				CLANG_WARN_OBJC_ROOT_CLASS = YES_ERROR;
				CLANG_WARN_SUSPICIOUS_MOVES = YES;
				CLANG_WARN_UNREACHABLE_CODE = YES;
				CLANG_WARN__DUPLICATE_METHOD_MATCH = YES;
				"CODE_SIGN_IDENTITY[sdk=iphoneos*]" = "iPhone Developer";
				COPY_PHASE_STRIP = NO;
				DEBUG_INFORMATION_FORMAT = dwarf;
				ENABLE_STRICT_OBJC_MSGSEND = YES;
				ENABLE_TESTABILITY = YES;
				GCC_C_LANGUAGE_STANDARD = gnu99;
				GCC_DYNAMIC_NO_PIC = NO;
				GCC_NO_COMMON_BLOCKS = YES;
				GCC_OPTIMIZATION_LEVEL = 0;
				GCC_PREPROCESSOR_DEFINITIONS = (
					"DEBUG=1",
					"$(inherited)",
				);
				GCC_WARN_64_TO_32_BIT_CONVERSION = YES;
				GCC_WARN_ABOUT_RETURN_TYPE = YES_ERROR;
				GCC_WARN_UNDECLARED_SELECTOR = YES;
				GCC_WARN_UNINITIALIZED_AUTOS = YES_AGGRESSIVE;
				GCC_WARN_UNUSED_FUNCTION = YES;
				GCC_WARN_UNUSED_VARIABLE = YES;
				IPHONEOS_DEPLOYMENT_TARGET = 10.1;
				MTL_ENABLE_DEBUG_INFO = YES;
				ONLY_ACTIVE_ARCH = YES;
				SDKROOT = iphoneos;
				SWIFT_ACTIVE_COMPILATION_CONDITIONS = DEBUG;
				SWIFT_OPTIMIZATION_LEVEL = "-Onone";
				TARGETED_DEVICE_FAMILY = "1,2";
			};
			name = Debug;
		};
		F2B24DF21DE42D6500ED420C /* Release */ = {
			isa = XCBuildConfiguration;
			buildSettings = {
				ALWAYS_SEARCH_USER_PATHS = NO;
				CLANG_ANALYZER_NONNULL = YES;
				CLANG_CXX_LANGUAGE_STANDARD = "gnu++0x";
				CLANG_CXX_LIBRARY = "libc++";
				CLANG_ENABLE_MODULES = YES;
				CLANG_ENABLE_OBJC_ARC = YES;
				CLANG_WARN_BOOL_CONVERSION = YES;
				CLANG_WARN_CONSTANT_CONVERSION = YES;
				CLANG_WARN_DIRECT_OBJC_ISA_USAGE = YES_ERROR;
				CLANG_WARN_DOCUMENTATION_COMMENTS = YES;
				CLANG_WARN_EMPTY_BODY = YES;
				CLANG_WARN_ENUM_CONVERSION = YES;
				CLANG_WARN_INFINITE_RECURSION = YES;
				CLANG_WARN_INT_CONVERSION = YES;
				CLANG_WARN_OBJC_ROOT_CLASS = YES_ERROR;
				CLANG_WARN_SUSPICIOUS_MOVES = YES;
				CLANG_WARN_UNREACHABLE_CODE = YES;
				CLANG_WARN__DUPLICATE_METHOD_MATCH = YES;
				"CODE_SIGN_IDENTITY[sdk=iphoneos*]" = "iPhone Developer";
				COPY_PHASE_STRIP = NO;
				DEBUG_INFORMATION_FORMAT = "dwarf-with-dsym";
				ENABLE_NS_ASSERTIONS = NO;
				ENABLE_STRICT_OBJC_MSGSEND = YES;
				GCC_C_LANGUAGE_STANDARD = gnu99;
				GCC_NO_COMMON_BLOCKS = YES;
				GCC_WARN_64_TO_32_BIT_CONVERSION = YES;
				GCC_WARN_ABOUT_RETURN_TYPE = YES_ERROR;
				GCC_WARN_UNDECLARED_SELECTOR = YES;
				GCC_WARN_UNINITIALIZED_AUTOS = YES_AGGRESSIVE;
				GCC_WARN_UNUSED_FUNCTION = YES;
				GCC_WARN_UNUSED_VARIABLE = YES;
				IPHONEOS_DEPLOYMENT_TARGET = 10.1;
				MTL_ENABLE_DEBUG_INFO = NO;
				SDKROOT = iphoneos;
				SWIFT_OPTIMIZATION_LEVEL = "-Owholemodule";
				TARGETED_DEVICE_FAMILY = "1,2";
				VALIDATE_PRODUCT = YES;
			};
			name = Release;
		};
		F2B24DF41DE42D6500ED420C /* Debug */ = {
			isa = XCBuildConfiguration;
			buildSettings = {
				ASSETCATALOG_COMPILER_APPICON_NAME = AppIcon;
				INFOPLIST_FILE = iShare/Info.plist;
				LD_RUNPATH_SEARCH_PATHS = "$(inherited) @executable_path/Frameworks";
				PRODUCT_BUNDLE_IDENTIFIER = com.mama.iShare;
				PRODUCT_NAME = "$(TARGET_NAME)";
				SWIFT_VERSION = 3.0;
			};
			name = Debug;
		};
		F2B24DF51DE42D6500ED420C /* Release */ = {
			isa = XCBuildConfiguration;
			buildSettings = {
				ASSETCATALOG_COMPILER_APPICON_NAME = AppIcon;
				INFOPLIST_FILE = iShare/Info.plist;
				LD_RUNPATH_SEARCH_PATHS = "$(inherited) @executable_path/Frameworks";
				PRODUCT_BUNDLE_IDENTIFIER = com.mama.iShare;
				PRODUCT_NAME = "$(TARGET_NAME)";
				SWIFT_VERSION = 3.0;
			};
			name = Release;
		};
/* End XCBuildConfiguration section */

/* Begin XCConfigurationList section */
		F2B24DD91DE42D6400ED420C /* Build configuration list for PBXProject "iShare" */ = {
			isa = XCConfigurationList;
			buildConfigurations = (
				F2B24DF11DE42D6500ED420C /* Debug */,
				F2B24DF21DE42D6500ED420C /* Release */,
			);
			defaultConfigurationIsVisible = 0;
			defaultConfigurationName = Release;
		};
		F2B24DF31DE42D6500ED420C /* Build configuration list for PBXNativeTarget "iShare" */ = {
			isa = XCConfigurationList;
			buildConfigurations = (
				F2B24DF41DE42D6500ED420C /* Debug */,
				F2B24DF51DE42D6500ED420C /* Release */,
			);
			defaultConfigurationIsVisible = 0;
		};
/* End XCConfigurationList section */

/* Begin XCVersionGroup section */
		F2B24DE81DE42D6500ED420C /* iShare.xcdatamodeld */ = {
			isa = XCVersionGroup;
			children = (
				F2B24DE91DE42D6500ED420C /* iShare.xcdatamodel */,
			);
			currentVersion = F2B24DE91DE42D6500ED420C /* iShare.xcdatamodel */;
			path = iShare.xcdatamodeld;
			sourceTree = "<group>";
			versionGroupType = wrapper.xcdatamodel;
		};
/* End XCVersionGroup section */
	};
	rootObject = F2B24DD61DE42D6400ED420C /* Project object */;
}
