// !$*UTF8*$!
{
	archiveVersion = 1;
	classes = {
	};
	objectVersion = 46;
	objects = {

/* Begin PBXBuildFile section */
		F25C5A121DBDD72D007C3031 /* AppDelegate.swift in Sources */ = {isa = PBXBuildFile; fileRef = F25C5A111DBDD72D007C3031 /* AppDelegate.swift */; };
		F25C5A141DBDD72D007C3031 /* ViewController.swift in Sources */ = {isa = PBXBuildFile; fileRef = F25C5A131DBDD72D007C3031 /* ViewController.swift */; };
		F25C5A171DBDD72D007C3031 /* Main.storyboard in Resources */ = {isa = PBXBuildFile; fileRef = F25C5A151DBDD72D007C3031 /* Main.storyboard */; };
		F25C5A191DBDD72D007C3031 /* Assets.xcassets in Resources */ = {isa = PBXBuildFile; fileRef = F25C5A181DBDD72D007C3031 /* Assets.xcassets */; };
		F25C5A1C1DBDD72D007C3031 /* LaunchScreen.storyboard in Resources */ = {isa = PBXBuildFile; fileRef = F25C5A1A1DBDD72D007C3031 /* LaunchScreen.storyboard */; };
/* End PBXBuildFile section */

/* Begin PBXFileReference section */
		F25C5A0E1DBDD72D007C3031 /* alertBox.app */ = {isa = PBXFileReference; explicitFileType = wrapper.application; includeInIndex = 0; path = alertBox.app; sourceTree = BUILT_PRODUCTS_DIR; };
		F25C5A111DBDD72D007C3031 /* AppDelegate.swift */ = {isa = PBXFileReference; lastKnownFileType = sourcecode.swift; path = AppDelegate.swift; sourceTree = "<group>"; };
		F25C5A131DBDD72D007C3031 /* ViewController.swift */ = {isa = PBXFileReference; lastKnownFileType = sourcecode.swift; path = ViewController.swift; sourceTree = "<group>"; };
		F25C5A161DBDD72D007C3031 /* Base */ = {isa = PBXFileReference; lastKnownFileType = file.storyboard; name = Base; path = Base.lproj/Main.storyboard; sourceTree = "<group>"; };
		F25C5A181DBDD72D007C3031 /* Assets.xcassets */ = {isa = PBXFileReference; lastKnownFileType = folder.assetcatalog; path = Assets.xcassets; sourceTree = "<group>"; };
		F25C5A1B1DBDD72D007C3031 /* Base */ = {isa = PBXFileReference; lastKnownFileType = file.storyboard; name = Base; path = Base.lproj/LaunchScreen.storyboard; sourceTree = "<group>"; };
		F25C5A1D1DBDD72D007C3031 /* Info.plist */ = {isa = PBXFileReference; lastKnownFileType = text.plist.xml; path = Info.plist; sourceTree = "<group>"; };
/* End PBXFileReference section */

/* Begin PBXFrameworksBuildPhase section */
		F25C5A0B1DBDD72D007C3031 /* Frameworks */ = {
			isa = PBXFrameworksBuildPhase;
			buildActionMask = 2147483647;
			files = (
			);
			runOnlyForDeploymentPostprocessing = 0;
		};
/* End PBXFrameworksBuildPhase section */

/* Begin PBXGroup section */
		F25C5A051DBDD72D007C3031 = {
			isa = PBXGroup;
			children = (
				F25C5A101DBDD72D007C3031 /* alertBox */,
				F25C5A0F1DBDD72D007C3031 /* Products */,
			);
			sourceTree = "<group>";
		};
		F25C5A0F1DBDD72D007C3031 /* Products */ = {
			isa = PBXGroup;
			children = (
				F25C5A0E1DBDD72D007C3031 /* alertBox.app */,
			);
			name = Products;
			sourceTree = "<group>";
		};
		F25C5A101DBDD72D007C3031 /* alertBox */ = {
			isa = PBXGroup;
			children = (
				F25C5A111DBDD72D007C3031 /* AppDelegate.swift */,
				F25C5A131DBDD72D007C3031 /* ViewController.swift */,
				F25C5A151DBDD72D007C3031 /* Main.storyboard */,
				F25C5A181DBDD72D007C3031 /* Assets.xcassets */,
				F25C5A1A1DBDD72D007C3031 /* LaunchScreen.storyboard */,
				F25C5A1D1DBDD72D007C3031 /* Info.plist */,
			);
			path = alertBox;
			sourceTree = "<group>";
		};
/* End PBXGroup section */

/* Begin PBXNativeTarget section */
		F25C5A0D1DBDD72D007C3031 /* alertBox */ = {
			isa = PBXNativeTarget;
			buildConfigurationList = F25C5A201DBDD72D007C3031 /* Build configuration list for PBXNativeTarget "alertBox" */;
			buildPhases = (
				F25C5A0A1DBDD72D007C3031 /* Sources */,
				F25C5A0B1DBDD72D007C3031 /* Frameworks */,
				F25C5A0C1DBDD72D007C3031 /* Resources */,
			);
			buildRules = (
			);
			dependencies = (
			);
			name = alertBox;
			productName = alertBox;
			productReference = F25C5A0E1DBDD72D007C3031 /* alertBox.app */;
			productType = "com.apple.product-type.application";
		};
/* End PBXNativeTarget section */

/* Begin PBXProject section */
		F25C5A061DBDD72D007C3031 /* Project object */ = {
			isa = PBXProject;
			attributes = {
				LastSwiftUpdateCheck = 0810;
				LastUpgradeCheck = 0810;
				ORGANIZATIONNAME = "Moeung Theara";
				TargetAttributes = {
					F25C5A0D1DBDD72D007C3031 = {
						CreatedOnToolsVersion = 8.1;
						ProvisioningStyle = Automatic;
					};
				};
			};
			buildConfigurationList = F25C5A091DBDD72D007C3031 /* Build configuration list for PBXProject "alertBox" */;
			compatibilityVersion = "Xcode 3.2";
			developmentRegion = English;
			hasScannedForEncodings = 0;
			knownRegions = (
				en,
				Base,
			);
			mainGroup = F25C5A051DBDD72D007C3031;
			productRefGroup = F25C5A0F1DBDD72D007C3031 /* Products */;
			projectDirPath = "";
			projectRoot = "";
			targets = (
				F25C5A0D1DBDD72D007C3031 /* alertBox */,
			);
		};
/* End PBXProject section */

/* Begin PBXResourcesBuildPhase section */
		F25C5A0C1DBDD72D007C3031 /* Resources */ = {
			isa = PBXResourcesBuildPhase;
			buildActionMask = 2147483647;
			files = (
				F25C5A1C1DBDD72D007C3031 /* LaunchScreen.storyboard in Resources */,
				F25C5A191DBDD72D007C3031 /* Assets.xcassets in Resources */,
				F25C5A171DBDD72D007C3031 /* Main.storyboard in Resources */,
			);
			runOnlyForDeploymentPostprocessing = 0;
		};
/* End PBXResourcesBuildPhase section */

/* Begin PBXSourcesBuildPhase section */
		F25C5A0A1DBDD72D007C3031 /* Sources */ = {
			isa = PBXSourcesBuildPhase;
			buildActionMask = 2147483647;
			files = (
				F25C5A141DBDD72D007C3031 /* ViewController.swift in Sources */,
				F25C5A121DBDD72D007C3031 /* AppDelegate.swift in Sources */,
			);
			runOnlyForDeploymentPostprocessing = 0;
		};
/* End PBXSourcesBuildPhase section */

/* Begin PBXVariantGroup section */
		F25C5A151DBDD72D007C3031 /* Main.storyboard */ = {
			isa = PBXVariantGroup;
			children = (
				F25C5A161DBDD72D007C3031 /* Base */,
			);
			name = Main.storyboard;
			sourceTree = "<group>";
		};
		F25C5A1A1DBDD72D007C3031 /* LaunchScreen.storyboard */ = {
			isa = PBXVariantGroup;
			children = (
				F25C5A1B1DBDD72D007C3031 /* Base */,
			);
			name = LaunchScreen.storyboard;
			sourceTree = "<group>";
		};
/* End PBXVariantGroup section */

/* Begin XCBuildConfiguration section */
		F25C5A1E1DBDD72D007C3031 /* Debug */ = {
			isa = XCBuildConfiguration;
			buildSettings = {
				ALWAYS_SEARCH_USER_PATHS = NO;
				CLANG_ANALYZER_NONNULL = YES;
				CLANG_CXX_LANGUAGE_STANDARD = "gnu++0x";
				CLANG_CXX_LIBRARY = "libc++";
				CLANG_ENABLE_MODULES = YES;
				CLANG_ENABLE_OBJC_ARC = YES;
				CLANG_WARN_BOOL_CONVERSION = YES;
				CLANG_WARN_CONSTANT_CONVERSION = YES;
				CLANG_WARN_DIRECT_OBJC_ISA_USAGE = YES_ERROR;
				CLANG_WARN_DOCUMENTATION_COMMENTS = YES;
				CLANG_WARN_EMPTY_BODY = YES;
				CLANG_WARN_ENUM_CONVERSION = YES;
				CLANG_WARN_INFINITE_RECURSION = YES;
				CLANG_WARN_INT_CONVERSION = YES;
				CLANG_WARN_OBJC_ROOT_CLASS = YES_ERROR;
				CLANG_WARN_SUSPICIOUS_MOVES = YES;
				CLANG_WARN_UNREACHABLE_CODE = YES;
				CLANG_WARN__DUPLICATE_METHOD_MATCH = YES;
				"CODE_SIGN_IDENTITY[sdk=iphoneos*]" = "iPhone Developer";
				COPY_PHASE_STRIP = NO;
				DEBUG_INFORMATION_FORMAT = dwarf;
				ENABLE_STRICT_OBJC_MSGSEND = YES;
				ENABLE_TESTABILITY = YES;
				GCC_C_LANGUAGE_STANDARD = gnu99;
				GCC_DYNAMIC_NO_PIC = NO;
				GCC_NO_COMMON_BLOCKS = YES;
				GCC_OPTIMIZATION_LEVEL = 0;
				GCC_PREPROCESSOR_DEFINITIONS = (
					"DEBUG=1",
					"$(inherited)",
				);
				GCC_WARN_64_TO_32_BIT_CONVERSION = YES;
				GCC_WARN_ABOUT_RETURN_TYPE = YES_ERROR;
				GCC_WARN_UNDECLARED_SELECTOR = YES;
				GCC_WARN_UNINITIALIZED_AUTOS = YES_AGGRESSIVE;
				GCC_WARN_UNUSED_FUNCTION = YES;
				GCC_WARN_UNUSED_VARIABLE = YES;
				IPHONEOS_DEPLOYMENT_TARGET = 10.1;
				MTL_ENABLE_DEBUG_INFO = YES;
				ONLY_ACTIVE_ARCH = YES;
				SDKROOT = iphoneos;
				SWIFT_ACTIVE_COMPILATION_CONDITIONS = DEBUG;
				SWIFT_OPTIMIZATION_LEVEL = "-Onone";
				TARGETED_DEVICE_FAMILY = "1,2";
			};
			name = Debug;
		};
		F25C5A1F1DBDD72D007C3031 /* Release */ = {
			isa = XCBuildConfiguration;
			buildSettings = {
				ALWAYS_SEARCH_USER_PATHS = NO;
				CLANG_ANALYZER_NONNULL = YES;
				CLANG_CXX_LANGUAGE_STANDARD = "gnu++0x";
				CLANG_CXX_LIBRARY = "libc++";
				CLANG_ENABLE_MODULES = YES;
				CLANG_ENABLE_OBJC_ARC = YES;
				CLANG_WARN_BOOL_CONVERSION = YES;
				CLANG_WARN_CONSTANT_CONVERSION = YES;
				CLANG_WARN_DIRECT_OBJC_ISA_USAGE = YES_ERROR;
				CLANG_WARN_DOCUMENTATION_COMMENTS = YES;
				CLANG_WARN_EMPTY_BODY = YES;
				CLANG_WARN_ENUM_CONVERSION = YES;
				CLANG_WARN_INFINITE_RECURSION = YES;
				CLANG_WARN_INT_CONVERSION = YES;
				CLANG_WARN_OBJC_ROOT_CLASS = YES_ERROR;
				CLANG_WARN_SUSPICIOUS_MOVES = YES;
				CLANG_WARN_UNREACHABLE_CODE = YES;
				CLANG_WARN__DUPLICATE_METHOD_MATCH = YES;
				"CODE_SIGN_IDENTITY[sdk=iphoneos*]" = "iPhone Developer";
				COPY_PHASE_STRIP = NO;
				DEBUG_INFORMATION_FORMAT = "dwarf-with-dsym";
				ENABLE_NS_ASSERTIONS = NO;
				ENABLE_STRICT_OBJC_MSGSEND = YES;
				GCC_C_LANGUAGE_STANDARD = gnu99;
				GCC_NO_COMMON_BLOCKS = YES;
				GCC_WARN_64_TO_32_BIT_CONVERSION = YES;
				GCC_WARN_ABOUT_RETURN_TYPE = YES_ERROR;
				GCC_WARN_UNDECLARED_SELECTOR = YES;
				GCC_WARN_UNINITIALIZED_AUTOS = YES_AGGRESSIVE;
				GCC_WARN_UNUSED_FUNCTION = YES;
				GCC_WARN_UNUSED_VARIABLE = YES;
				IPHONEOS_DEPLOYMENT_TARGET = 10.1;
				MTL_ENABLE_DEBUG_INFO = NO;
				SDKROOT = iphoneos;
				SWIFT_OPTIMIZATION_LEVEL = "-Owholemodule";
				TARGETED_DEVICE_FAMILY = "1,2";
				VALIDATE_PRODUCT = YES;
			};
			name = Release;
		};
		F25C5A211DBDD72D007C3031 /* Debug */ = {
			isa = XCBuildConfiguration;
			buildSettings = {
				ASSETCATALOG_COMPILER_APPICON_NAME = AppIcon;
				INFOPLIST_FILE = alertBox/Info.plist;
				LD_RUNPATH_SEARCH_PATHS = "$(inherited) @executable_path/Frameworks";
				PRODUCT_BUNDLE_IDENTIFIER = com.mama.alertBox;
				PRODUCT_NAME = "$(TARGET_NAME)";
				SWIFT_VERSION = 3.0;
			};
			name = Debug;
		};
		F25C5A221DBDD72D007C3031 /* Release */ = {
			isa = XCBuildConfiguration;
			buildSettings = {
				ASSETCATALOG_COMPILER_APPICON_NAME = AppIcon;
				INFOPLIST_FILE = alertBox/Info.plist;
				LD_RUNPATH_SEARCH_PATHS = "$(inherited) @executable_path/Frameworks";
				PRODUCT_BUNDLE_IDENTIFIER = com.mama.alertBox;
				PRODUCT_NAME = "$(TARGET_NAME)";
				SWIFT_VERSION = 3.0;
			};
			name = Release;
		};
/* End XCBuildConfiguration section */

/* Begin XCConfigurationList section */
		F25C5A091DBDD72D007C3031 /* Build configuration list for PBXProject "alertBox" */ = {
			isa = XCConfigurationList;
			buildConfigurations = (
				F25C5A1E1DBDD72D007C3031 /* Debug */,
				F25C5A1F1DBDD72D007C3031 /* Release */,
			);
			defaultConfigurationIsVisible = 0;
			defaultConfigurationName = Release;
		};
		F25C5A201DBDD72D007C3031 /* Build configuration list for PBXNativeTarget "alertBox" */ = {
			isa = XCConfigurationList;
			buildConfigurations = (
				F25C5A211DBDD72D007C3031 /* Debug */,
				F25C5A221DBDD72D007C3031 /* Release */,
			);
			defaultConfigurationIsVisible = 0;
		};
/* End XCConfigurationList section */
	};
	rootObject = F25C5A061DBDD72D007C3031 /* Project object */;
}
