// !$*UTF8*$!
{
	archiveVersion = 1;
	classes = {
	};
	objectVersion = 46;
	objects = {

/* Begin PBXBuildFile section */
		9F10F8D3A2B38FF7886F632F /* Pods_Facebook.framework in Frameworks */ = {isa = PBXBuildFile; fileRef = AF816A2C0278CCAC3F112C48 /* Pods_Facebook.framework */; settings = {ATTRIBUTES = (Weak, ); }; };
		F2084FA51DE4CA1200A6118C /* FBSDKCoreKit.framework in Frameworks */ = {isa = PBXBuildFile; fileRef = F2084FA31DE4CA1200A6118C /* FBSDKCoreKit.framework */; };
		F2084FA61DE4CA1200A6118C /* FBSDKLoginKit.framework in Frameworks */ = {isa = PBXBuildFile; fileRef = F2084FA41DE4CA1200A6118C /* FBSDKLoginKit.framework */; };
		F20A80161DE496AD00EBB4A1 /* AppDelegate.swift in Sources */ = {isa = PBXBuildFile; fileRef = F20A80151DE496AD00EBB4A1 /* AppDelegate.swift */; };
		F20A80181DE496AD00EBB4A1 /* ViewController.swift in Sources */ = {isa = PBXBuildFile; fileRef = F20A80171DE496AD00EBB4A1 /* ViewController.swift */; };
		F20A801B1DE496AD00EBB4A1 /* Main.storyboard in Resources */ = {isa = PBXBuildFile; fileRef = F20A80191DE496AD00EBB4A1 /* Main.storyboard */; };
		F20A80201DE496AD00EBB4A1 /* Assets.xcassets in Resources */ = {isa = PBXBuildFile; fileRef = F20A801F1DE496AD00EBB4A1 /* Assets.xcassets */; };
		F20A80231DE496AD00EBB4A1 /* LaunchScreen.storyboard in Resources */ = {isa = PBXBuildFile; fileRef = F20A80211DE496AD00EBB4A1 /* LaunchScreen.storyboard */; };
		F2101A9E1DE4B61A00270197 /* Social.framework in Frameworks */ = {isa = PBXBuildFile; fileRef = F2101A9D1DE4B61A00270197 /* Social.framework */; };
/* End PBXBuildFile section */

/* Begin PBXFileReference section */
		629D4858BADA01F75B9E35F7 /* Pods-Facebook.release.xcconfig */ = {isa = PBXFileReference; includeInIndex = 1; lastKnownFileType = text.xcconfig; name = "Pods-Facebook.release.xcconfig"; path = "Pods/Target Support Files/Pods-Facebook/Pods-Facebook.release.xcconfig"; sourceTree = "<group>"; };
		AF816A2C0278CCAC3F112C48 /* Pods_Facebook.framework */ = {isa = PBXFileReference; explicitFileType = wrapper.framework; includeInIndex = 0; path = Pods_Facebook.framework; sourceTree = BUILT_PRODUCTS_DIR; };
		BFF2CC3C737BA42D3EFD808F /* Pods-Facebook.debug.xcconfig */ = {isa = PBXFileReference; includeInIndex = 1; lastKnownFileType = text.xcconfig; name = "Pods-Facebook.debug.xcconfig"; path = "Pods/Target Support Files/Pods-Facebook/Pods-Facebook.debug.xcconfig"; sourceTree = "<group>"; };
		F2084FA31DE4CA1200A6118C /* FBSDKCoreKit.framework */ = {isa = PBXFileReference; lastKnownFileType = wrapper.framework; name = FBSDKCoreKit.framework; path = "../../../../Downloads/FacebookSDKs-iOS-4/FBSDKCoreKit.framework"; sourceTree = "<group>"; };
		F2084FA41DE4CA1200A6118C /* FBSDKLoginKit.framework */ = {isa = PBXFileReference; lastKnownFileType = wrapper.framework; name = FBSDKLoginKit.framework; path = "../../../../Downloads/FacebookSDKs-iOS-4/FBSDKLoginKit.framework"; sourceTree = "<group>"; };
		F2084FA71DE4CA2D00A6118C /* header.h */ = {isa = PBXFileReference; lastKnownFileType = sourcecode.c.h; path = header.h; sourceTree = "<group>"; };
		F20A80121DE496AD00EBB4A1 /* Facebook.app */ = {isa = PBXFileReference; explicitFileType = wrapper.application; includeInIndex = 0; path = Facebook.app; sourceTree = BUILT_PRODUCTS_DIR; };
		F20A80151DE496AD00EBB4A1 /* AppDelegate.swift */ = {isa = PBXFileReference; lastKnownFileType = sourcecode.swift; path = AppDelegate.swift; sourceTree = "<group>"; };
		F20A80171DE496AD00EBB4A1 /* ViewController.swift */ = {isa = PBXFileReference; lastKnownFileType = sourcecode.swift; path = ViewController.swift; sourceTree = "<group>"; };
		F20A801A1DE496AD00EBB4A1 /* Base */ = {isa = PBXFileReference; lastKnownFileType = file.storyboard; name = Base; path = Base.lproj/Main.storyboard; sourceTree = "<group>"; };
		F20A801F1DE496AD00EBB4A1 /* Assets.xcassets */ = {isa = PBXFileReference; lastKnownFileType = folder.assetcatalog; path = Assets.xcassets; sourceTree = "<group>"; };
		F20A80221DE496AD00EBB4A1 /* Base */ = {isa = PBXFileReference; lastKnownFileType = file.storyboard; name = Base; path = Base.lproj/LaunchScreen.storyboard; sourceTree = "<group>"; };
		F20A80241DE496AD00EBB4A1 /* Info.plist */ = {isa = PBXFileReference; lastKnownFileType = text.plist.xml; path = Info.plist; sourceTree = "<group>"; };
		F2101A9D1DE4B61A00270197 /* Social.framework */ = {isa = PBXFileReference; lastKnownFileType = wrapper.framework; name = Social.framework; path = System/Library/Frameworks/Social.framework; sourceTree = SDKROOT; };
/* End PBXFileReference section */

/* Begin PBXFrameworksBuildPhase section */
		F20A800F1DE496AD00EBB4A1 /* Frameworks */ = {
			isa = PBXFrameworksBuildPhase;
			buildActionMask = 2147483647;
			files = (
				F2101A9E1DE4B61A00270197 /* Social.framework in Frameworks */,
				F2084FA51DE4CA1200A6118C /* FBSDKCoreKit.framework in Frameworks */,
				F2084FA61DE4CA1200A6118C /* FBSDKLoginKit.framework in Frameworks */,
				9F10F8D3A2B38FF7886F632F /* Pods_Facebook.framework in Frameworks */,
			);
			runOnlyForDeploymentPostprocessing = 0;
		};
/* End PBXFrameworksBuildPhase section */

/* Begin PBXGroup section */
		17F08171EA951C799FE38E4C /* Pods */ = {
			isa = PBXGroup;
			children = (
				BFF2CC3C737BA42D3EFD808F /* Pods-Facebook.debug.xcconfig */,
				629D4858BADA01F75B9E35F7 /* Pods-Facebook.release.xcconfig */,
			);
			name = Pods;
			sourceTree = "<group>";
		};
		7EE06C7CDDB2052E12C42EFA /* Frameworks */ = {
			isa = PBXGroup;
			children = (
				F2084FA31DE4CA1200A6118C /* FBSDKCoreKit.framework */,
				F2084FA41DE4CA1200A6118C /* FBSDKLoginKit.framework */,
				F2101A9D1DE4B61A00270197 /* Social.framework */,
				AF816A2C0278CCAC3F112C48 /* Pods_Facebook.framework */,
			);
			name = Frameworks;
			sourceTree = "<group>";
		};
		F20A80091DE496AD00EBB4A1 = {
			isa = PBXGroup;
			children = (
				F20A80141DE496AD00EBB4A1 /* Facebook */,
				F20A80131DE496AD00EBB4A1 /* Products */,
				17F08171EA951C799FE38E4C /* Pods */,
				7EE06C7CDDB2052E12C42EFA /* Frameworks */,
			);
			sourceTree = "<group>";
		};
		F20A80131DE496AD00EBB4A1 /* Products */ = {
			isa = PBXGroup;
			children = (
				F20A80121DE496AD00EBB4A1 /* Facebook.app */,
			);
			name = Products;
			sourceTree = "<group>";
		};
		F20A80141DE496AD00EBB4A1 /* Facebook */ = {
			isa = PBXGroup;
			children = (
				F20A80151DE496AD00EBB4A1 /* AppDelegate.swift */,
				F20A80171DE496AD00EBB4A1 /* ViewController.swift */,
				F20A80191DE496AD00EBB4A1 /* Main.storyboard */,
				F20A801F1DE496AD00EBB4A1 /* Assets.xcassets */,
				F20A80211DE496AD00EBB4A1 /* LaunchScreen.storyboard */,
				F20A80241DE496AD00EBB4A1 /* Info.plist */,
				F2084FA71DE4CA2D00A6118C /* header.h */,
			);
			path = Facebook;
			sourceTree = "<group>";
		};
/* End PBXGroup section */

/* Begin PBXNativeTarget section */
		F20A80111DE496AD00EBB4A1 /* Facebook */ = {
			isa = PBXNativeTarget;
			buildConfigurationList = F20A80271DE496AD00EBB4A1 /* Build configuration list for PBXNativeTarget "Facebook" */;
			buildPhases = (
				865FF79003EA98CA643AB7C0 /* [CP] Check Pods Manifest.lock */,
				F20A800E1DE496AD00EBB4A1 /* Sources */,
				F20A800F1DE496AD00EBB4A1 /* Frameworks */,
				F20A80101DE496AD00EBB4A1 /* Resources */,
				797C64423BC10763DD3DB053 /* [CP] Embed Pods Frameworks */,
				57897DD92E5029906A4E3216 /* [CP] Copy Pods Resources */,
			);
			buildRules = (
			);
			dependencies = (
			);
			name = Facebook;
			productName = Facebook;
			productReference = F20A80121DE496AD00EBB4A1 /* Facebook.app */;
			productType = "com.apple.product-type.application";
		};
/* End PBXNativeTarget section */

/* Begin PBXProject section */
		F20A800A1DE496AD00EBB4A1 /* Project object */ = {
			isa = PBXProject;
			attributes = {
				LastSwiftUpdateCheck = 0810;
				LastUpgradeCheck = 0810;
				ORGANIZATIONNAME = "Moeung Theara";
				TargetAttributes = {
					F20A80111DE496AD00EBB4A1 = {
						CreatedOnToolsVersion = 8.1;
						LastSwiftMigration = 0810;
						ProvisioningStyle = Automatic;
					};
				};
			};
			buildConfigurationList = F20A800D1DE496AD00EBB4A1 /* Build configuration list for PBXProject "Facebook" */;
			compatibilityVersion = "Xcode 3.2";
			developmentRegion = English;
			hasScannedForEncodings = 0;
			knownRegions = (
				en,
				Base,
			);
			mainGroup = F20A80091DE496AD00EBB4A1;
			productRefGroup = F20A80131DE496AD00EBB4A1 /* Products */;
			projectDirPath = "";
			projectRoot = "";
			targets = (
				F20A80111DE496AD00EBB4A1 /* Facebook */,
			);
		};
/* End PBXProject section */

/* Begin PBXResourcesBuildPhase section */
		F20A80101DE496AD00EBB4A1 /* Resources */ = {
			isa = PBXResourcesBuildPhase;
			buildActionMask = 2147483647;
			files = (
				F20A80231DE496AD00EBB4A1 /* LaunchScreen.storyboard in Resources */,
				F20A80201DE496AD00EBB4A1 /* Assets.xcassets in Resources */,
				F20A801B1DE496AD00EBB4A1 /* Main.storyboard in Resources */,
			);
			runOnlyForDeploymentPostprocessing = 0;
		};
/* End PBXResourcesBuildPhase section */

/* Begin PBXShellScriptBuildPhase section */
		57897DD92E5029906A4E3216 /* [CP] Copy Pods Resources */ = {
			isa = PBXShellScriptBuildPhase;
			buildActionMask = 2147483647;
			files = (
			);
			inputPaths = (
			);
			name = "[CP] Copy Pods Resources";
			outputPaths = (
			);
			runOnlyForDeploymentPostprocessing = 0;
			shellPath = /bin/sh;
			shellScript = "\"${SRCROOT}/Pods/Target Support Files/Pods-Facebook/Pods-Facebook-resources.sh\"\n";
			showEnvVarsInLog = 0;
		};
		797C64423BC10763DD3DB053 /* [CP] Embed Pods Frameworks */ = {
			isa = PBXShellScriptBuildPhase;
			buildActionMask = 2147483647;
			files = (
			);
			inputPaths = (
			);
			name = "[CP] Embed Pods Frameworks";
			outputPaths = (
			);
			runOnlyForDeploymentPostprocessing = 0;
			shellPath = /bin/sh;
			shellScript = "\"${SRCROOT}/Pods/Target Support Files/Pods-Facebook/Pods-Facebook-frameworks.sh\"\n";
			showEnvVarsInLog = 0;
		};
		865FF79003EA98CA643AB7C0 /* [CP] Check Pods Manifest.lock */ = {
			isa = PBXShellScriptBuildPhase;
			buildActionMask = 2147483647;
			files = (
			);
			inputPaths = (
			);
			name = "[CP] Check Pods Manifest.lock";
			outputPaths = (
			);
			runOnlyForDeploymentPostprocessing = 0;
			shellPath = /bin/sh;
			shellScript = "diff \"${PODS_ROOT}/../Podfile.lock\" \"${PODS_ROOT}/Manifest.lock\" > /dev/null\nif [ $? != 0 ] ; then\n    # print error to STDERR\n    echo \"error: The sandbox is not in sync with the Podfile.lock. Run 'pod install' or update your CocoaPods installation.\" >&2\n    exit 1\nfi\n";
			showEnvVarsInLog = 0;
		};
/* End PBXShellScriptBuildPhase section */

/* Begin PBXSourcesBuildPhase section */
		F20A800E1DE496AD00EBB4A1 /* Sources */ = {
			isa = PBXSourcesBuildPhase;
			buildActionMask = 2147483647;
			files = (
				F20A80181DE496AD00EBB4A1 /* ViewController.swift in Sources */,
				F20A80161DE496AD00EBB4A1 /* AppDelegate.swift in Sources */,
			);
			runOnlyForDeploymentPostprocessing = 0;
		};
/* End PBXSourcesBuildPhase section */

/* Begin PBXVariantGroup section */
		F20A80191DE496AD00EBB4A1 /* Main.storyboard */ = {
			isa = PBXVariantGroup;
			children = (
				F20A801A1DE496AD00EBB4A1 /* Base */,
			);
			name = Main.storyboard;
			sourceTree = "<group>";
		};
		F20A80211DE496AD00EBB4A1 /* LaunchScreen.storyboard */ = {
			isa = PBXVariantGroup;
			children = (
				F20A80221DE496AD00EBB4A1 /* Base */,
			);
			name = LaunchScreen.storyboard;
			sourceTree = "<group>";
		};
/* End PBXVariantGroup section */

/* Begin XCBuildConfiguration section */
		F20A80251DE496AD00EBB4A1 /* Debug */ = {
			isa = XCBuildConfiguration;
			buildSettings = {
				ALWAYS_SEARCH_USER_PATHS = NO;
				CLANG_ANALYZER_NONNULL = YES;
				CLANG_CXX_LANGUAGE_STANDARD = "gnu++0x";
				CLANG_CXX_LIBRARY = "libc++";
				CLANG_ENABLE_MODULES = YES;
				CLANG_ENABLE_OBJC_ARC = YES;
				CLANG_WARN_BOOL_CONVERSION = YES;
				CLANG_WARN_CONSTANT_CONVERSION = YES;
				CLANG_WARN_DIRECT_OBJC_ISA_USAGE = YES_ERROR;
				CLANG_WARN_DOCUMENTATION_COMMENTS = YES;
				CLANG_WARN_EMPTY_BODY = YES;
				CLANG_WARN_ENUM_CONVERSION = YES;
				CLANG_WARN_INFINITE_RECURSION = YES;
				CLANG_WARN_INT_CONVERSION = YES;
				CLANG_WARN_OBJC_ROOT_CLASS = YES_ERROR;
				CLANG_WARN_SUSPICIOUS_MOVES = YES;
				CLANG_WARN_UNREACHABLE_CODE = YES;
				CLANG_WARN__DUPLICATE_METHOD_MATCH = YES;
				"CODE_SIGN_IDENTITY[sdk=iphoneos*]" = "iPhone Developer";
				COPY_PHASE_STRIP = NO;
				DEBUG_INFORMATION_FORMAT = dwarf;
				ENABLE_STRICT_OBJC_MSGSEND = YES;
				ENABLE_TESTABILITY = YES;
				GCC_C_LANGUAGE_STANDARD = gnu99;
				GCC_DYNAMIC_NO_PIC = NO;
				GCC_NO_COMMON_BLOCKS = YES;
				GCC_OPTIMIZATION_LEVEL = 0;
				GCC_PREPROCESSOR_DEFINITIONS = (
					"DEBUG=1",
					"$(inherited)",
				);
				GCC_WARN_64_TO_32_BIT_CONVERSION = YES;
				GCC_WARN_ABOUT_RETURN_TYPE = YES_ERROR;
				GCC_WARN_UNDECLARED_SELECTOR = YES;
				GCC_WARN_UNINITIALIZED_AUTOS = YES_AGGRESSIVE;
				GCC_WARN_UNUSED_FUNCTION = YES;
				GCC_WARN_UNUSED_VARIABLE = YES;
				IPHONEOS_DEPLOYMENT_TARGET = 10.1;
				MTL_ENABLE_DEBUG_INFO = YES;
				ONLY_ACTIVE_ARCH = YES;
				SDKROOT = iphoneos;
				SWIFT_ACTIVE_COMPILATION_CONDITIONS = DEBUG;
				SWIFT_OPTIMIZATION_LEVEL = "-Onone";
				TARGETED_DEVICE_FAMILY = "1,2";
			};
			name = Debug;
		};
		F20A80261DE496AD00EBB4A1 /* Release */ = {
			isa = XCBuildConfiguration;
			buildSettings = {
				ALWAYS_SEARCH_USER_PATHS = NO;
				CLANG_ANALYZER_NONNULL = YES;
				CLANG_CXX_LANGUAGE_STANDARD = "gnu++0x";
				CLANG_CXX_LIBRARY = "libc++";
				CLANG_ENABLE_MODULES = YES;
				CLANG_ENABLE_OBJC_ARC = YES;
				CLANG_WARN_BOOL_CONVERSION = YES;
				CLANG_WARN_CONSTANT_CONVERSION = YES;
				CLANG_WARN_DIRECT_OBJC_ISA_USAGE = YES_ERROR;
				CLANG_WARN_DOCUMENTATION_COMMENTS = YES;
				CLANG_WARN_EMPTY_BODY = YES;
				CLANG_WARN_ENUM_CONVERSION = YES;
				CLANG_WARN_INFINITE_RECURSION = YES;
				CLANG_WARN_INT_CONVERSION = YES;
				CLANG_WARN_OBJC_ROOT_CLASS = YES_ERROR;
				CLANG_WARN_SUSPICIOUS_MOVES = YES;
				CLANG_WARN_UNREACHABLE_CODE = YES;
				CLANG_WARN__DUPLICATE_METHOD_MATCH = YES;
				"CODE_SIGN_IDENTITY[sdk=iphoneos*]" = "iPhone Developer";
				COPY_PHASE_STRIP = NO;
				DEBUG_INFORMATION_FORMAT = "dwarf-with-dsym";
				ENABLE_NS_ASSERTIONS = NO;
				ENABLE_STRICT_OBJC_MSGSEND = YES;
				GCC_C_LANGUAGE_STANDARD = gnu99;
				GCC_NO_COMMON_BLOCKS = YES;
				GCC_WARN_64_TO_32_BIT_CONVERSION = YES;
				GCC_WARN_ABOUT_RETURN_TYPE = YES_ERROR;
				GCC_WARN_UNDECLARED_SELECTOR = YES;
				GCC_WARN_UNINITIALIZED_AUTOS = YES_AGGRESSIVE;
				GCC_WARN_UNUSED_FUNCTION = YES;
				GCC_WARN_UNUSED_VARIABLE = YES;
				IPHONEOS_DEPLOYMENT_TARGET = 10.1;
				MTL_ENABLE_DEBUG_INFO = NO;
				SDKROOT = iphoneos;
				SWIFT_OPTIMIZATION_LEVEL = "-Owholemodule";
				TARGETED_DEVICE_FAMILY = "1,2";
				VALIDATE_PRODUCT = YES;
			};
			name = Release;
		};
		F20A80281DE496AD00EBB4A1 /* Debug */ = {
			isa = XCBuildConfiguration;
			baseConfigurationReference = BFF2CC3C737BA42D3EFD808F /* Pods-Facebook.debug.xcconfig */;
			buildSettings = {
				ASSETCATALOG_COMPILER_APPICON_NAME = AppIcon;
				CLANG_ENABLE_MODULES = YES;
				INFOPLIST_FILE = Facebook/Info.plist;
				LD_RUNPATH_SEARCH_PATHS = "$(inherited) @executable_path/Frameworks";
				PRODUCT_BUNDLE_IDENTIFIER = com.mama.Facebook;
				PRODUCT_NAME = "$(TARGET_NAME)";
				SWIFT_OBJC_BRIDGING_HEADER = "Facebook/Facebook-Bridging-Header.h";
				SWIFT_OPTIMIZATION_LEVEL = "-Onone";
				SWIFT_VERSION = 3.0;
			};
			name = Debug;
		};
		F20A80291DE496AD00EBB4A1 /* Release */ = {
			isa = XCBuildConfiguration;
			baseConfigurationReference = 629D4858BADA01F75B9E35F7 /* Pods-Facebook.release.xcconfig */;
			buildSettings = {
				ASSETCATALOG_COMPILER_APPICON_NAME = AppIcon;
				CLANG_ENABLE_MODULES = YES;
				INFOPLIST_FILE = Facebook/Info.plist;
				LD_RUNPATH_SEARCH_PATHS = "$(inherited) @executable_path/Frameworks";
				PRODUCT_BUNDLE_IDENTIFIER = com.mama.Facebook;
				PRODUCT_NAME = "$(TARGET_NAME)";
				SWIFT_OBJC_BRIDGING_HEADER = "Facebook/Facebook-Bridging-Header.h";
				SWIFT_VERSION = 3.0;
			};
			name = Release;
		};
/* End XCBuildConfiguration section */

/* Begin XCConfigurationList section */
		F20A800D1DE496AD00EBB4A1 /* Build configuration list for PBXProject "Facebook" */ = {
			isa = XCConfigurationList;
			buildConfigurations = (
				F20A80251DE496AD00EBB4A1 /* Debug */,
				F20A80261DE496AD00EBB4A1 /* Release */,
			);
			defaultConfigurationIsVisible = 0;
			defaultConfigurationName = Release;
		};
		F20A80271DE496AD00EBB4A1 /* Build configuration list for PBXNativeTarget "Facebook" */ = {
			isa = XCConfigurationList;
			buildConfigurations = (
				F20A80281DE496AD00EBB4A1 /* Debug */,
				F20A80291DE496AD00EBB4A1 /* Release */,
			);
			defaultConfigurationIsVisible = 0;
			defaultConfigurationName = Release;
		};
/* End XCConfigurationList section */
	};
	rootObject = F20A800A1DE496AD00EBB4A1 /* Project object */;
}
