// !$*UTF8*$!
{
	archiveVersion = 1;
	classes = {
	};
	objectVersion = 46;
	objects = {

/* Begin PBXBuildFile section */
		F20FEB281DE525F400F0EF44 /* AppDelegate.swift in Sources */ = {isa = PBXBuildFile; fileRef = F20FEB271DE525F400F0EF44 /* AppDelegate.swift */; };
		F20FEB2A1DE525F500F0EF44 /* ViewController.swift in Sources */ = {isa = PBXBuildFile; fileRef = F20FEB291DE525F500F0EF44 /* ViewController.swift */; };
		F20FEB2D1DE525F500F0EF44 /* Main.storyboard in Resources */ = {isa = PBXBuildFile; fileRef = F20FEB2B1DE525F500F0EF44 /* Main.storyboard */; };
		F20FEB301DE525F600F0EF44 /* Testing.xcdatamodeld in Sources */ = {isa = PBXBuildFile; fileRef = F20FEB2E1DE525F500F0EF44 /* Testing.xcdatamodeld */; };
		F20FEB321DE525F600F0EF44 /* Assets.xcassets in Resources */ = {isa = PBXBuildFile; fileRef = F20FEB311DE525F600F0EF44 /* Assets.xcassets */; };
		F20FEB351DE525F600F0EF44 /* LaunchScreen.storyboard in Resources */ = {isa = PBXBuildFile; fileRef = F20FEB331DE525F600F0EF44 /* LaunchScreen.storyboard */; };
/* End PBXBuildFile section */

/* Begin PBXFileReference section */
		F20FEB241DE525F400F0EF44 /* Testing.app */ = {isa = PBXFileReference; explicitFileType = wrapper.application; includeInIndex = 0; path = Testing.app; sourceTree = BUILT_PRODUCTS_DIR; };
		F20FEB271DE525F400F0EF44 /* AppDelegate.swift */ = {isa = PBXFileReference; lastKnownFileType = sourcecode.swift; path = AppDelegate.swift; sourceTree = "<group>"; };
		F20FEB291DE525F500F0EF44 /* ViewController.swift */ = {isa = PBXFileReference; lastKnownFileType = sourcecode.swift; path = ViewController.swift; sourceTree = "<group>"; };
		F20FEB2C1DE525F500F0EF44 /* Base */ = {isa = PBXFileReference; lastKnownFileType = file.storyboard; name = Base; path = Base.lproj/Main.storyboard; sourceTree = "<group>"; };
		F20FEB2F1DE525F500F0EF44 /* Testing.xcdatamodel */ = {isa = PBXFileReference; lastKnownFileType = wrapper.xcdatamodel; path = Testing.xcdatamodel; sourceTree = "<group>"; };
		F20FEB311DE525F600F0EF44 /* Assets.xcassets */ = {isa = PBXFileReference; lastKnownFileType = folder.assetcatalog; path = Assets.xcassets; sourceTree = "<group>"; };
		F20FEB341DE525F600F0EF44 /* Base */ = {isa = PBXFileReference; lastKnownFileType = file.storyboard; name = Base; path = Base.lproj/LaunchScreen.storyboard; sourceTree = "<group>"; };
		F20FEB361DE525F600F0EF44 /* Info.plist */ = {isa = PBXFileReference; lastKnownFileType = text.plist.xml; path = Info.plist; sourceTree = "<group>"; };
/* End PBXFileReference section */

/* Begin PBXFrameworksBuildPhase section */
		F20FEB211DE525F400F0EF44 /* Frameworks */ = {
			isa = PBXFrameworksBuildPhase;
			buildActionMask = 2147483647;
			files = (
			);
			runOnlyForDeploymentPostprocessing = 0;
		};
/* End PBXFrameworksBuildPhase section */

/* Begin PBXGroup section */
		F20FEB1B1DE525F400F0EF44 = {
			isa = PBXGroup;
			children = (
				F20FEB261DE525F400F0EF44 /* Testing */,
				F20FEB251DE525F400F0EF44 /* Products */,
			);
			sourceTree = "<group>";
		};
		F20FEB251DE525F400F0EF44 /* Products */ = {
			isa = PBXGroup;
			children = (
				F20FEB241DE525F400F0EF44 /* Testing.app */,
			);
			name = Products;
			sourceTree = "<group>";
		};
		F20FEB261DE525F400F0EF44 /* Testing */ = {
			isa = PBXGroup;
			children = (
				F20FEB271DE525F400F0EF44 /* AppDelegate.swift */,
				F20FEB291DE525F500F0EF44 /* ViewController.swift */,
				F20FEB2B1DE525F500F0EF44 /* Main.storyboard */,
				F20FEB311DE525F600F0EF44 /* Assets.xcassets */,
				F20FEB331DE525F600F0EF44 /* LaunchScreen.storyboard */,
				F20FEB361DE525F600F0EF44 /* Info.plist */,
				F20FEB2E1DE525F500F0EF44 /* Testing.xcdatamodeld */,
			);
			path = Testing;
			sourceTree = "<group>";
		};
/* End PBXGroup section */

/* Begin PBXNativeTarget section */
		F20FEB231DE525F400F0EF44 /* Testing */ = {
			isa = PBXNativeTarget;
			buildConfigurationList = F20FEB391DE525F600F0EF44 /* Build configuration list for PBXNativeTarget "Testing" */;
			buildPhases = (
				F20FEB201DE525F400F0EF44 /* Sources */,
				F20FEB211DE525F400F0EF44 /* Frameworks */,
				F20FEB221DE525F400F0EF44 /* Resources */,
			);
			buildRules = (
			);
			dependencies = (
			);
			name = Testing;
			productName = Testing;
			productReference = F20FEB241DE525F400F0EF44 /* Testing.app */;
			productType = "com.apple.product-type.application";
		};
/* End PBXNativeTarget section */

/* Begin PBXProject section */
		F20FEB1C1DE525F400F0EF44 /* Project object */ = {
			isa = PBXProject;
			attributes = {
				LastSwiftUpdateCheck = 0810;
				LastUpgradeCheck = 0810;
				ORGANIZATIONNAME = "Moeung Theara";
				TargetAttributes = {
					F20FEB231DE525F400F0EF44 = {
						CreatedOnToolsVersion = 8.1;
						ProvisioningStyle = Automatic;
					};
				};
			};
			buildConfigurationList = F20FEB1F1DE525F400F0EF44 /* Build configuration list for PBXProject "Testing" */;
			compatibilityVersion = "Xcode 3.2";
			developmentRegion = English;
			hasScannedForEncodings = 0;
			knownRegions = (
				en,
				Base,
			);
			mainGroup = F20FEB1B1DE525F400F0EF44;
			productRefGroup = F20FEB251DE525F400F0EF44 /* Products */;
			projectDirPath = "";
			projectRoot = "";
			targets = (
				F20FEB231DE525F400F0EF44 /* Testing */,
			);
		};
/* End PBXProject section */

/* Begin PBXResourcesBuildPhase section */
		F20FEB221DE525F400F0EF44 /* Resources */ = {
			isa = PBXResourcesBuildPhase;
			buildActionMask = 2147483647;
			files = (
				F20FEB351DE525F600F0EF44 /* LaunchScreen.storyboard in Resources */,
				F20FEB321DE525F600F0EF44 /* Assets.xcassets in Resources */,
				F20FEB2D1DE525F500F0EF44 /* Main.storyboard in Resources */,
			);
			runOnlyForDeploymentPostprocessing = 0;
		};
/* End PBXResourcesBuildPhase section */

/* Begin PBXSourcesBuildPhase section */
		F20FEB201DE525F400F0EF44 /* Sources */ = {
			isa = PBXSourcesBuildPhase;
			buildActionMask = 2147483647;
			files = (
				F20FEB2A1DE525F500F0EF44 /* ViewController.swift in Sources */,
				F20FEB281DE525F400F0EF44 /* AppDelegate.swift in Sources */,
				F20FEB301DE525F600F0EF44 /* Testing.xcdatamodeld in Sources */,
			);
			runOnlyForDeploymentPostprocessing = 0;
		};
/* End PBXSourcesBuildPhase section */

/* Begin PBXVariantGroup section */
		F20FEB2B1DE525F500F0EF44 /* Main.storyboard */ = {
			isa = PBXVariantGroup;
			children = (
				F20FEB2C1DE525F500F0EF44 /* Base */,
			);
			name = Main.storyboard;
			sourceTree = "<group>";
		};
		F20FEB331DE525F600F0EF44 /* LaunchScreen.storyboard */ = {
			isa = PBXVariantGroup;
			children = (
				F20FEB341DE525F600F0EF44 /* Base */,
			);
			name = LaunchScreen.storyboard;
			sourceTree = "<group>";
		};
/* End PBXVariantGroup section */

/* Begin XCBuildConfiguration section */
		F20FEB371DE525F600F0EF44 /* Debug */ = {
			isa = XCBuildConfiguration;
			buildSettings = {
				ALWAYS_SEARCH_USER_PATHS = NO;
				CLANG_ANALYZER_NONNULL = YES;
				CLANG_CXX_LANGUAGE_STANDARD = "gnu++0x";
				CLANG_CXX_LIBRARY = "libc++";
				CLANG_ENABLE_MODULES = YES;
				CLANG_ENABLE_OBJC_ARC = YES;
				CLANG_WARN_BOOL_CONVERSION = YES;
				CLANG_WARN_CONSTANT_CONVERSION = YES;
				CLANG_WARN_DIRECT_OBJC_ISA_USAGE = YES_ERROR;
				CLANG_WARN_DOCUMENTATION_COMMENTS = YES;
				CLANG_WARN_EMPTY_BODY = YES;
				CLANG_WARN_ENUM_CONVERSION = YES;
				CLANG_WARN_INFINITE_RECURSION = YES;
				CLANG_WARN_INT_CONVERSION = YES;
				CLANG_WARN_OBJC_ROOT_CLASS = YES_ERROR;
				CLANG_WARN_SUSPICIOUS_MOVES = YES;
				CLANG_WARN_UNREACHABLE_CODE = YES;
				CLANG_WARN__DUPLICATE_METHOD_MATCH = YES;
				"CODE_SIGN_IDENTITY[sdk=iphoneos*]" = "iPhone Developer";
				COPY_PHASE_STRIP = NO;
				DEBUG_INFORMATION_FORMAT = dwarf;
				ENABLE_STRICT_OBJC_MSGSEND = YES;
				ENABLE_TESTABILITY = YES;
				GCC_C_LANGUAGE_STANDARD = gnu99;
				GCC_DYNAMIC_NO_PIC = NO;
				GCC_NO_COMMON_BLOCKS = YES;
				GCC_OPTIMIZATION_LEVEL = 0;
				GCC_PREPROCESSOR_DEFINITIONS = (
					"DEBUG=1",
					"$(inherited)",
				);
				GCC_WARN_64_TO_32_BIT_CONVERSION = YES;
				GCC_WARN_ABOUT_RETURN_TYPE = YES_ERROR;
				GCC_WARN_UNDECLARED_SELECTOR = YES;
				GCC_WARN_UNINITIALIZED_AUTOS = YES_AGGRESSIVE;
				GCC_WARN_UNUSED_FUNCTION = YES;
				GCC_WARN_UNUSED_VARIABLE = YES;
				IPHONEOS_DEPLOYMENT_TARGET = 10.1;
				MTL_ENABLE_DEBUG_INFO = YES;
				ONLY_ACTIVE_ARCH = YES;
				SDKROOT = iphoneos;
				SWIFT_ACTIVE_COMPILATION_CONDITIONS = DEBUG;
				SWIFT_OPTIMIZATION_LEVEL = "-Onone";
				TARGETED_DEVICE_FAMILY = "1,2";
			};
			name = Debug;
		};
		F20FEB381DE525F600F0EF44 /* Release */ = {
			isa = XCBuildConfiguration;
			buildSettings = {
				ALWAYS_SEARCH_USER_PATHS = NO;
				CLANG_ANALYZER_NONNULL = YES;
				CLANG_CXX_LANGUAGE_STANDARD = "gnu++0x";
				CLANG_CXX_LIBRARY = "libc++";
				CLANG_ENABLE_MODULES = YES;
				CLANG_ENABLE_OBJC_ARC = YES;
				CLANG_WARN_BOOL_CONVERSION = YES;
				CLANG_WARN_CONSTANT_CONVERSION = YES;
				CLANG_WARN_DIRECT_OBJC_ISA_USAGE = YES_ERROR;
				CLANG_WARN_DOCUMENTATION_COMMENTS = YES;
				CLANG_WARN_EMPTY_BODY = YES;
				CLANG_WARN_ENUM_CONVERSION = YES;
				CLANG_WARN_INFINITE_RECURSION = YES;
				CLANG_WARN_INT_CONVERSION = YES;
				CLANG_WARN_OBJC_ROOT_CLASS = YES_ERROR;
				CLANG_WARN_SUSPICIOUS_MOVES = YES;
				CLANG_WARN_UNREACHABLE_CODE = YES;
				CLANG_WARN__DUPLICATE_METHOD_MATCH = YES;
				"CODE_SIGN_IDENTITY[sdk=iphoneos*]" = "iPhone Developer";
				COPY_PHASE_STRIP = NO;
				DEBUG_INFORMATION_FORMAT = "dwarf-with-dsym";
				ENABLE_NS_ASSERTIONS = NO;
				ENABLE_STRICT_OBJC_MSGSEND = YES;
				GCC_C_LANGUAGE_STANDARD = gnu99;
				GCC_NO_COMMON_BLOCKS = YES;
				GCC_WARN_64_TO_32_BIT_CONVERSION = YES;
				GCC_WARN_ABOUT_RETURN_TYPE = YES_ERROR;
				GCC_WARN_UNDECLARED_SELECTOR = YES;
				GCC_WARN_UNINITIALIZED_AUTOS = YES_AGGRESSIVE;
				GCC_WARN_UNUSED_FUNCTION = YES;
				GCC_WARN_UNUSED_VARIABLE = YES;
				IPHONEOS_DEPLOYMENT_TARGET = 10.1;
				MTL_ENABLE_DEBUG_INFO = NO;
				SDKROOT = iphoneos;
				SWIFT_OPTIMIZATION_LEVEL = "-Owholemodule";
				TARGETED_DEVICE_FAMILY = "1,2";
				VALIDATE_PRODUCT = YES;
			};
			name = Release;
		};
		F20FEB3A1DE525F600F0EF44 /* Debug */ = {
			isa = XCBuildConfiguration;
			buildSettings = {
				ASSETCATALOG_COMPILER_APPICON_NAME = AppIcon;
				INFOPLIST_FILE = Testing/Info.plist;
				LD_RUNPATH_SEARCH_PATHS = "$(inherited) @executable_path/Frameworks";
				PRODUCT_BUNDLE_IDENTIFIER = com.mama.Testing;
				PRODUCT_NAME = "$(TARGET_NAME)";
				SWIFT_VERSION = 3.0;
			};
			name = Debug;
		};
		F20FEB3B1DE525F600F0EF44 /* Release */ = {
			isa = XCBuildConfiguration;
			buildSettings = {
				ASSETCATALOG_COMPILER_APPICON_NAME = AppIcon;
				INFOPLIST_FILE = Testing/Info.plist;
				LD_RUNPATH_SEARCH_PATHS = "$(inherited) @executable_path/Frameworks";
				PRODUCT_BUNDLE_IDENTIFIER = com.mama.Testing;
				PRODUCT_NAME = "$(TARGET_NAME)";
				SWIFT_VERSION = 3.0;
			};
			name = Release;
		};
/* End XCBuildConfiguration section */

/* Begin XCConfigurationList section */
		F20FEB1F1DE525F400F0EF44 /* Build configuration list for PBXProject "Testing" */ = {
			isa = XCConfigurationList;
			buildConfigurations = (
				F20FEB371DE525F600F0EF44 /* Debug */,
				F20FEB381DE525F600F0EF44 /* Release */,
			);
			defaultConfigurationIsVisible = 0;
			defaultConfigurationName = Release;
		};
		F20FEB391DE525F600F0EF44 /* Build configuration list for PBXNativeTarget "Testing" */ = {
			isa = XCConfigurationList;
			buildConfigurations = (
				F20FEB3A1DE525F600F0EF44 /* Debug */,
				F20FEB3B1DE525F600F0EF44 /* Release */,
			);
			defaultConfigurationIsVisible = 0;
		};
/* End XCConfigurationList section */

/* Begin XCVersionGroup section */
		F20FEB2E1DE525F500F0EF44 /* Testing.xcdatamodeld */ = {
			isa = XCVersionGroup;
			children = (
				F20FEB2F1DE525F500F0EF44 /* Testing.xcdatamodel */,
			);
			currentVersion = F20FEB2F1DE525F500F0EF44 /* Testing.xcdatamodel */;
			path = Testing.xcdatamodeld;
			sourceTree = "<group>";
			versionGroupType = wrapper.xcdatamodel;
		};
/* End XCVersionGroup section */
	};
	rootObject = F20FEB1C1DE525F400F0EF44 /* Project object */;
}
