// !$*UTF8*$!
{
	archiveVersion = 1;
	classes = {
	};
	objectVersion = 46;
	objects = {

/* Begin PBXBuildFile section */
		F209C9A51DF47AB400576E84 /* AppDelegate.swift in Sources */ = {isa = PBXBuildFile; fileRef = F209C9A41DF47AB400576E84 /* AppDelegate.swift */; };
		F209C9A71DF47AB400576E84 /* ViewController.swift in Sources */ = {isa = PBXBuildFile; fileRef = F209C9A61DF47AB400576E84 /* ViewController.swift */; };
		F209C9AA1DF47AB400576E84 /* Main.storyboard in Resources */ = {isa = PBXBuildFile; fileRef = F209C9A81DF47AB400576E84 /* Main.storyboard */; };
		F209C9AC1DF47AB400576E84 /* Assets.xcassets in Resources */ = {isa = PBXBuildFile; fileRef = F209C9AB1DF47AB400576E84 /* Assets.xcassets */; };
		F209C9AF1DF47AB500576E84 /* LaunchScreen.storyboard in Resources */ = {isa = PBXBuildFile; fileRef = F209C9AD1DF47AB500576E84 /* LaunchScreen.storyboard */; };
		F209C9B81DF47B4300576E84 /* data.xcdatamodeld in Sources */ = {isa = PBXBuildFile; fileRef = F209C9B61DF47B4300576E84 /* data.xcdatamodeld */; };
/* End PBXBuildFile section */

/* Begin PBXFileReference section */
		F209C9A11DF47AB400576E84 /* CoreData.app */ = {isa = PBXFileReference; explicitFileType = wrapper.application; includeInIndex = 0; path = CoreData.app; sourceTree = BUILT_PRODUCTS_DIR; };
		F209C9A41DF47AB400576E84 /* AppDelegate.swift */ = {isa = PBXFileReference; lastKnownFileType = sourcecode.swift; path = AppDelegate.swift; sourceTree = "<group>"; };
		F209C9A61DF47AB400576E84 /* ViewController.swift */ = {isa = PBXFileReference; lastKnownFileType = sourcecode.swift; path = ViewController.swift; sourceTree = "<group>"; };
		F209C9A91DF47AB400576E84 /* Base */ = {isa = PBXFileReference; lastKnownFileType = file.storyboard; name = Base; path = Base.lproj/Main.storyboard; sourceTree = "<group>"; };
		F209C9AB1DF47AB400576E84 /* Assets.xcassets */ = {isa = PBXFileReference; lastKnownFileType = folder.assetcatalog; path = Assets.xcassets; sourceTree = "<group>"; };
		F209C9AE1DF47AB500576E84 /* Base */ = {isa = PBXFileReference; lastKnownFileType = file.storyboard; name = Base; path = Base.lproj/LaunchScreen.storyboard; sourceTree = "<group>"; };
		F209C9B01DF47AB500576E84 /* Info.plist */ = {isa = PBXFileReference; lastKnownFileType = text.plist.xml; path = Info.plist; sourceTree = "<group>"; };
		F209C9B71DF47B4300576E84 /* data.xcdatamodel */ = {isa = PBXFileReference; lastKnownFileType = wrapper.xcdatamodel; path = data.xcdatamodel; sourceTree = "<group>"; };
/* End PBXFileReference section */

/* Begin PBXFrameworksBuildPhase section */
		F209C99E1DF47AB400576E84 /* Frameworks */ = {
			isa = PBXFrameworksBuildPhase;
			buildActionMask = 2147483647;
			files = (
			);
			runOnlyForDeploymentPostprocessing = 0;
		};
/* End PBXFrameworksBuildPhase section */

/* Begin PBXGroup section */
		F209C9981DF47AB400576E84 = {
			isa = PBXGroup;
			children = (
				F209C9B61DF47B4300576E84 /* data.xcdatamodeld */,
				F209C9A31DF47AB400576E84 /* CoreData */,
				F209C9A21DF47AB400576E84 /* Products */,
			);
			sourceTree = "<group>";
		};
		F209C9A21DF47AB400576E84 /* Products */ = {
			isa = PBXGroup;
			children = (
				F209C9A11DF47AB400576E84 /* CoreData.app */,
			);
			name = Products;
			sourceTree = "<group>";
		};
		F209C9A31DF47AB400576E84 /* CoreData */ = {
			isa = PBXGroup;
			children = (
				F209C9A41DF47AB400576E84 /* AppDelegate.swift */,
				F209C9A61DF47AB400576E84 /* ViewController.swift */,
				F209C9A81DF47AB400576E84 /* Main.storyboard */,
				F209C9AB1DF47AB400576E84 /* Assets.xcassets */,
				F209C9AD1DF47AB500576E84 /* LaunchScreen.storyboard */,
				F209C9B01DF47AB500576E84 /* Info.plist */,
			);
			path = CoreData;
			sourceTree = "<group>";
		};
/* End PBXGroup section */

/* Begin PBXNativeTarget section */
		F209C9A01DF47AB400576E84 /* CoreData */ = {
			isa = PBXNativeTarget;
			buildConfigurationList = F209C9B31DF47AB500576E84 /* Build configuration list for PBXNativeTarget "CoreData" */;
			buildPhases = (
				F209C99D1DF47AB400576E84 /* Sources */,
				F209C99E1DF47AB400576E84 /* Frameworks */,
				F209C99F1DF47AB400576E84 /* Resources */,
			);
			buildRules = (
			);
			dependencies = (
			);
			name = CoreData;
			productName = CoreData;
			productReference = F209C9A11DF47AB400576E84 /* CoreData.app */;
			productType = "com.apple.product-type.application";
		};
/* End PBXNativeTarget section */

/* Begin PBXProject section */
		F209C9991DF47AB400576E84 /* Project object */ = {
			isa = PBXProject;
			attributes = {
				LastSwiftUpdateCheck = 0810;
				LastUpgradeCheck = 0810;
				ORGANIZATIONNAME = "Moeung Theara";
				TargetAttributes = {
					F209C9A01DF47AB400576E84 = {
						CreatedOnToolsVersion = 8.1;
						ProvisioningStyle = Automatic;
					};
				};
			};
			buildConfigurationList = F209C99C1DF47AB400576E84 /* Build configuration list for PBXProject "CoreData" */;
			compatibilityVersion = "Xcode 3.2";
			developmentRegion = English;
			hasScannedForEncodings = 0;
			knownRegions = (
				en,
				Base,
			);
			mainGroup = F209C9981DF47AB400576E84;
			productRefGroup = F209C9A21DF47AB400576E84 /* Products */;
			projectDirPath = "";
			projectRoot = "";
			targets = (
				F209C9A01DF47AB400576E84 /* CoreData */,
			);
		};
/* End PBXProject section */

/* Begin PBXResourcesBuildPhase section */
		F209C99F1DF47AB400576E84 /* Resources */ = {
			isa = PBXResourcesBuildPhase;
			buildActionMask = 2147483647;
			files = (
				F209C9AF1DF47AB500576E84 /* LaunchScreen.storyboard in Resources */,
				F209C9AC1DF47AB400576E84 /* Assets.xcassets in Resources */,
				F209C9AA1DF47AB400576E84 /* Main.storyboard in Resources */,
			);
			runOnlyForDeploymentPostprocessing = 0;
		};
/* End PBXResourcesBuildPhase section */

/* Begin PBXSourcesBuildPhase section */
		F209C99D1DF47AB400576E84 /* Sources */ = {
			isa = PBXSourcesBuildPhase;
			buildActionMask = 2147483647;
			files = (
				F209C9A71DF47AB400576E84 /* ViewController.swift in Sources */,
				F209C9A51DF47AB400576E84 /* AppDelegate.swift in Sources */,
				F209C9B81DF47B4300576E84 /* data.xcdatamodeld in Sources */,
			);
			runOnlyForDeploymentPostprocessing = 0;
		};
/* End PBXSourcesBuildPhase section */

/* Begin PBXVariantGroup section */
		F209C9A81DF47AB400576E84 /* Main.storyboard */ = {
			isa = PBXVariantGroup;
			children = (
				F209C9A91DF47AB400576E84 /* Base */,
			);
			name = Main.storyboard;
			sourceTree = "<group>";
		};
		F209C9AD1DF47AB500576E84 /* LaunchScreen.storyboard */ = {
			isa = PBXVariantGroup;
			children = (
				F209C9AE1DF47AB500576E84 /* Base */,
			);
			name = LaunchScreen.storyboard;
			sourceTree = "<group>";
		};
/* End PBXVariantGroup section */

/* Begin XCBuildConfiguration section */
		F209C9B11DF47AB500576E84 /* Debug */ = {
			isa = XCBuildConfiguration;
			buildSettings = {
				ALWAYS_SEARCH_USER_PATHS = NO;
				CLANG_ANALYZER_NONNULL = YES;
				CLANG_CXX_LANGUAGE_STANDARD = "gnu++0x";
				CLANG_CXX_LIBRARY = "libc++";
				CLANG_ENABLE_MODULES = YES;
				CLANG_ENABLE_OBJC_ARC = YES;
				CLANG_WARN_BOOL_CONVERSION = YES;
				CLANG_WARN_CONSTANT_CONVERSION = YES;
				CLANG_WARN_DIRECT_OBJC_ISA_USAGE = YES_ERROR;
				CLANG_WARN_DOCUMENTATION_COMMENTS = YES;
				CLANG_WARN_EMPTY_BODY = YES;
				CLANG_WARN_ENUM_CONVERSION = YES;
				CLANG_WARN_INFINITE_RECURSION = YES;
				CLANG_WARN_INT_CONVERSION = YES;
				CLANG_WARN_OBJC_ROOT_CLASS = YES_ERROR;
				CLANG_WARN_SUSPICIOUS_MOVES = YES;
				CLANG_WARN_UNREACHABLE_CODE = YES;
				CLANG_WARN__DUPLICATE_METHOD_MATCH = YES;
				"CODE_SIGN_IDENTITY[sdk=iphoneos*]" = "iPhone Developer";
				COPY_PHASE_STRIP = NO;
				DEBUG_INFORMATION_FORMAT = dwarf;
				ENABLE_STRICT_OBJC_MSGSEND = YES;
				ENABLE_TESTABILITY = YES;
				GCC_C_LANGUAGE_STANDARD = gnu99;
				GCC_DYNAMIC_NO_PIC = NO;
				GCC_NO_COMMON_BLOCKS = YES;
				GCC_OPTIMIZATION_LEVEL = 0;
				GCC_PREPROCESSOR_DEFINITIONS = (
					"DEBUG=1",
					"$(inherited)",
				);
				GCC_WARN_64_TO_32_BIT_CONVERSION = YES;
				GCC_WARN_ABOUT_RETURN_TYPE = YES_ERROR;
				GCC_WARN_UNDECLARED_SELECTOR = YES;
				GCC_WARN_UNINITIALIZED_AUTOS = YES_AGGRESSIVE;
				GCC_WARN_UNUSED_FUNCTION = YES;
				GCC_WARN_UNUSED_VARIABLE = YES;
				IPHONEOS_DEPLOYMENT_TARGET = 10.1;
				MTL_ENABLE_DEBUG_INFO = YES;
				ONLY_ACTIVE_ARCH = YES;
				SDKROOT = iphoneos;
				SWIFT_ACTIVE_COMPILATION_CONDITIONS = DEBUG;
				SWIFT_OPTIMIZATION_LEVEL = "-Onone";
				TARGETED_DEVICE_FAMILY = "1,2";
			};
			name = Debug;
		};
		F209C9B21DF47AB500576E84 /* Release */ = {
			isa = XCBuildConfiguration;
			buildSettings = {
				ALWAYS_SEARCH_USER_PATHS = NO;
				CLANG_ANALYZER_NONNULL = YES;
				CLANG_CXX_LANGUAGE_STANDARD = "gnu++0x";
				CLANG_CXX_LIBRARY = "libc++";
				CLANG_ENABLE_MODULES = YES;
				CLANG_ENABLE_OBJC_ARC = YES;
				CLANG_WARN_BOOL_CONVERSION = YES;
				CLANG_WARN_CONSTANT_CONVERSION = YES;
				CLANG_WARN_DIRECT_OBJC_ISA_USAGE = YES_ERROR;
				CLANG_WARN_DOCUMENTATION_COMMENTS = YES;
				CLANG_WARN_EMPTY_BODY = YES;
				CLANG_WARN_ENUM_CONVERSION = YES;
				CLANG_WARN_INFINITE_RECURSION = YES;
				CLANG_WARN_INT_CONVERSION = YES;
				CLANG_WARN_OBJC_ROOT_CLASS = YES_ERROR;
				CLANG_WARN_SUSPICIOUS_MOVES = YES;
				CLANG_WARN_UNREACHABLE_CODE = YES;
				CLANG_WARN__DUPLICATE_METHOD_MATCH = YES;
				"CODE_SIGN_IDENTITY[sdk=iphoneos*]" = "iPhone Developer";
				COPY_PHASE_STRIP = NO;
				DEBUG_INFORMATION_FORMAT = "dwarf-with-dsym";
				ENABLE_NS_ASSERTIONS = NO;
				ENABLE_STRICT_OBJC_MSGSEND = YES;
				GCC_C_LANGUAGE_STANDARD = gnu99;
				GCC_NO_COMMON_BLOCKS = YES;
				GCC_WARN_64_TO_32_BIT_CONVERSION = YES;
				GCC_WARN_ABOUT_RETURN_TYPE = YES_ERROR;
				GCC_WARN_UNDECLARED_SELECTOR = YES;
				GCC_WARN_UNINITIALIZED_AUTOS = YES_AGGRESSIVE;
				GCC_WARN_UNUSED_FUNCTION = YES;
				GCC_WARN_UNUSED_VARIABLE = YES;
				IPHONEOS_DEPLOYMENT_TARGET = 10.1;
				MTL_ENABLE_DEBUG_INFO = NO;
				SDKROOT = iphoneos;
				SWIFT_OPTIMIZATION_LEVEL = "-Owholemodule";
				TARGETED_DEVICE_FAMILY = "1,2";
				VALIDATE_PRODUCT = YES;
			};
			name = Release;
		};
		F209C9B41DF47AB500576E84 /* Debug */ = {
			isa = XCBuildConfiguration;
			buildSettings = {
				ASSETCATALOG_COMPILER_APPICON_NAME = AppIcon;
				INFOPLIST_FILE = CoreData/Info.plist;
				LD_RUNPATH_SEARCH_PATHS = "$(inherited) @executable_path/Frameworks";
				PRODUCT_BUNDLE_IDENTIFIER = com.mama.CoreData;
				PRODUCT_NAME = "$(TARGET_NAME)";
				SWIFT_VERSION = 3.0;
			};
			name = Debug;
		};
		F209C9B51DF47AB500576E84 /* Release */ = {
			isa = XCBuildConfiguration;
			buildSettings = {
				ASSETCATALOG_COMPILER_APPICON_NAME = AppIcon;
				INFOPLIST_FILE = CoreData/Info.plist;
				LD_RUNPATH_SEARCH_PATHS = "$(inherited) @executable_path/Frameworks";
				PRODUCT_BUNDLE_IDENTIFIER = com.mama.CoreData;
				PRODUCT_NAME = "$(TARGET_NAME)";
				SWIFT_VERSION = 3.0;
			};
			name = Release;
		};
/* End XCBuildConfiguration section */

/* Begin XCConfigurationList section */
		F209C99C1DF47AB400576E84 /* Build configuration list for PBXProject "CoreData" */ = {
			isa = XCConfigurationList;
			buildConfigurations = (
				F209C9B11DF47AB500576E84 /* Debug */,
				F209C9B21DF47AB500576E84 /* Release */,
			);
			defaultConfigurationIsVisible = 0;
			defaultConfigurationName = Release;
		};
		F209C9B31DF47AB500576E84 /* Build configuration list for PBXNativeTarget "CoreData" */ = {
			isa = XCConfigurationList;
			buildConfigurations = (
				F209C9B41DF47AB500576E84 /* Debug */,
				F209C9B51DF47AB500576E84 /* Release */,
			);
			defaultConfigurationIsVisible = 0;
		};
/* End XCConfigurationList section */

/* Begin XCVersionGroup section */
		F209C9B61DF47B4300576E84 /* data.xcdatamodeld */ = {
			isa = XCVersionGroup;
			children = (
				F209C9B71DF47B4300576E84 /* data.xcdatamodel */,
			);
			currentVersion = F209C9B71DF47B4300576E84 /* data.xcdatamodel */;
			path = data.xcdatamodeld;
			sourceTree = "<group>";
			versionGroupType = wrapper.xcdatamodel;
		};
/* End XCVersionGroup section */
	};
	rootObject = F209C9991DF47AB400576E84 /* Project object */;
}
