// !$*UTF8*$!
{
	archiveVersion = 1;
	classes = {
	};
	objectVersion = 46;
	objects = {

/* Begin PBXBuildFile section */
		F264C9BB1DCEFBC100017ED7 /* AppDelegate.swift in Sources */ = {isa = PBXBuildFile; fileRef = F264C9BA1DCEFBC100017ED7 /* AppDelegate.swift */; };
		F264C9BD1DCEFBC100017ED7 /* ViewController.swift in Sources */ = {isa = PBXBuildFile; fileRef = F264C9BC1DCEFBC100017ED7 /* ViewController.swift */; };
		F264C9C01DCEFBC100017ED7 /* Main.storyboard in Resources */ = {isa = PBXBuildFile; fileRef = F264C9BE1DCEFBC100017ED7 /* Main.storyboard */; };
		F264C9C21DCEFBC100017ED7 /* Assets.xcassets in Resources */ = {isa = PBXBuildFile; fileRef = F264C9C11DCEFBC100017ED7 /* Assets.xcassets */; };
		F264C9C51DCEFBC100017ED7 /* LaunchScreen.storyboard in Resources */ = {isa = PBXBuildFile; fileRef = F264C9C31DCEFBC100017ED7 /* LaunchScreen.storyboard */; };
		F264C9CD1DCF9E0800017ED7 /* photo-1432086278789-a9897152a65b.jpg in Resources */ = {isa = PBXBuildFile; fileRef = F264C9CC1DCF9E0800017ED7 /* photo-1432086278789-a9897152a65b.jpg */; };
		F264C9CF1DD0048C00017ED7 /* secondViewController.swift in Sources */ = {isa = PBXBuildFile; fileRef = F264C9CE1DD0048C00017ED7 /* secondViewController.swift */; };
/* End PBXBuildFile section */

/* Begin PBXFileReference section */
		F264C9B71DCEFBC000017ED7 /* TestingUI.app */ = {isa = PBXFileReference; explicitFileType = wrapper.application; includeInIndex = 0; path = TestingUI.app; sourceTree = BUILT_PRODUCTS_DIR; };
		F264C9BA1DCEFBC100017ED7 /* AppDelegate.swift */ = {isa = PBXFileReference; lastKnownFileType = sourcecode.swift; path = AppDelegate.swift; sourceTree = "<group>"; };
		F264C9BC1DCEFBC100017ED7 /* ViewController.swift */ = {isa = PBXFileReference; lastKnownFileType = sourcecode.swift; path = ViewController.swift; sourceTree = "<group>"; };
		F264C9BF1DCEFBC100017ED7 /* Base */ = {isa = PBXFileReference; lastKnownFileType = file.storyboard; name = Base; path = Base.lproj/Main.storyboard; sourceTree = "<group>"; };
		F264C9C11DCEFBC100017ED7 /* Assets.xcassets */ = {isa = PBXFileReference; lastKnownFileType = folder.assetcatalog; path = Assets.xcassets; sourceTree = "<group>"; };
		F264C9C41DCEFBC100017ED7 /* Base */ = {isa = PBXFileReference; lastKnownFileType = file.storyboard; name = Base; path = Base.lproj/LaunchScreen.storyboard; sourceTree = "<group>"; };
		F264C9C61DCEFBC100017ED7 /* Info.plist */ = {isa = PBXFileReference; lastKnownFileType = text.plist.xml; path = Info.plist; sourceTree = "<group>"; };
		F264C9CC1DCF9E0800017ED7 /* photo-1432086278789-a9897152a65b.jpg */ = {isa = PBXFileReference; lastKnownFileType = image.jpeg; path = "photo-1432086278789-a9897152a65b.jpg"; sourceTree = "<group>"; };
		F264C9CE1DD0048C00017ED7 /* secondViewController.swift */ = {isa = PBXFileReference; fileEncoding = 4; lastKnownFileType = sourcecode.swift; path = secondViewController.swift; sourceTree = "<group>"; };
/* End PBXFileReference section */

/* Begin PBXFrameworksBuildPhase section */
		F264C9B41DCEFBBF00017ED7 /* Frameworks */ = {
			isa = PBXFrameworksBuildPhase;
			buildActionMask = 2147483647;
			files = (
			);
			runOnlyForDeploymentPostprocessing = 0;
		};
/* End PBXFrameworksBuildPhase section */

/* Begin PBXGroup section */
		F264C9AE1DCEFBBF00017ED7 = {
			isa = PBXGroup;
			children = (
				F264C9B91DCEFBC000017ED7 /* TestingUI */,
				F264C9B81DCEFBC000017ED7 /* Products */,
			);
			sourceTree = "<group>";
		};
		F264C9B81DCEFBC000017ED7 /* Products */ = {
			isa = PBXGroup;
			children = (
				F264C9B71DCEFBC000017ED7 /* TestingUI.app */,
			);
			name = Products;
			sourceTree = "<group>";
		};
		F264C9B91DCEFBC000017ED7 /* TestingUI */ = {
			isa = PBXGroup;
			children = (
				F264C9BA1DCEFBC100017ED7 /* AppDelegate.swift */,
				F264C9BC1DCEFBC100017ED7 /* ViewController.swift */,
				F264C9BE1DCEFBC100017ED7 /* Main.storyboard */,
				F264C9CC1DCF9E0800017ED7 /* photo-1432086278789-a9897152a65b.jpg */,
				F264C9C11DCEFBC100017ED7 /* Assets.xcassets */,
				F264C9C31DCEFBC100017ED7 /* LaunchScreen.storyboard */,
				F264C9C61DCEFBC100017ED7 /* Info.plist */,
				F264C9CE1DD0048C00017ED7 /* secondViewController.swift */,
			);
			path = TestingUI;
			sourceTree = "<group>";
		};
/* End PBXGroup section */

/* Begin PBXNativeTarget section */
		F264C9B61DCEFBBF00017ED7 /* TestingUI */ = {
			isa = PBXNativeTarget;
			buildConfigurationList = F264C9C91DCEFBC100017ED7 /* Build configuration list for PBXNativeTarget "TestingUI" */;
			buildPhases = (
				F264C9B31DCEFBBF00017ED7 /* Sources */,
				F264C9B41DCEFBBF00017ED7 /* Frameworks */,
				F264C9B51DCEFBBF00017ED7 /* Resources */,
			);
			buildRules = (
			);
			dependencies = (
			);
			name = TestingUI;
			productName = TestingUI;
			productReference = F264C9B71DCEFBC000017ED7 /* TestingUI.app */;
			productType = "com.apple.product-type.application";
		};
/* End PBXNativeTarget section */

/* Begin PBXProject section */
		F264C9AF1DCEFBBF00017ED7 /* Project object */ = {
			isa = PBXProject;
			attributes = {
				LastSwiftUpdateCheck = 0810;
				LastUpgradeCheck = 0810;
				ORGANIZATIONNAME = "Moeung Theara";
				TargetAttributes = {
					F264C9B61DCEFBBF00017ED7 = {
						CreatedOnToolsVersion = 8.1;
						ProvisioningStyle = Automatic;
					};
				};
			};
			buildConfigurationList = F264C9B21DCEFBBF00017ED7 /* Build configuration list for PBXProject "TestingUI" */;
			compatibilityVersion = "Xcode 3.2";
			developmentRegion = English;
			hasScannedForEncodings = 0;
			knownRegions = (
				en,
				Base,
			);
			mainGroup = F264C9AE1DCEFBBF00017ED7;
			productRefGroup = F264C9B81DCEFBC000017ED7 /* Products */;
			projectDirPath = "";
			projectRoot = "";
			targets = (
				F264C9B61DCEFBBF00017ED7 /* TestingUI */,
			);
		};
/* End PBXProject section */

/* Begin PBXResourcesBuildPhase section */
		F264C9B51DCEFBBF00017ED7 /* Resources */ = {
			isa = PBXResourcesBuildPhase;
			buildActionMask = 2147483647;
			files = (
				F264C9CD1DCF9E0800017ED7 /* photo-1432086278789-a9897152a65b.jpg in Resources */,
				F264C9C51DCEFBC100017ED7 /* LaunchScreen.storyboard in Resources */,
				F264C9C21DCEFBC100017ED7 /* Assets.xcassets in Resources */,
				F264C9C01DCEFBC100017ED7 /* Main.storyboard in Resources */,
			);
			runOnlyForDeploymentPostprocessing = 0;
		};
/* End PBXResourcesBuildPhase section */

/* Begin PBXSourcesBuildPhase section */
		F264C9B31DCEFBBF00017ED7 /* Sources */ = {
			isa = PBXSourcesBuildPhase;
			buildActionMask = 2147483647;
			files = (
				F264C9BD1DCEFBC100017ED7 /* ViewController.swift in Sources */,
				F264C9CF1DD0048C00017ED7 /* secondViewController.swift in Sources */,
				F264C9BB1DCEFBC100017ED7 /* AppDelegate.swift in Sources */,
			);
			runOnlyForDeploymentPostprocessing = 0;
		};
/* End PBXSourcesBuildPhase section */

/* Begin PBXVariantGroup section */
		F264C9BE1DCEFBC100017ED7 /* Main.storyboard */ = {
			isa = PBXVariantGroup;
			children = (
				F264C9BF1DCEFBC100017ED7 /* Base */,
			);
			name = Main.storyboard;
			sourceTree = "<group>";
		};
		F264C9C31DCEFBC100017ED7 /* LaunchScreen.storyboard */ = {
			isa = PBXVariantGroup;
			children = (
				F264C9C41DCEFBC100017ED7 /* Base */,
			);
			name = LaunchScreen.storyboard;
			sourceTree = "<group>";
		};
/* End PBXVariantGroup section */

/* Begin XCBuildConfiguration section */
		F264C9C71DCEFBC100017ED7 /* Debug */ = {
			isa = XCBuildConfiguration;
			buildSettings = {
				ALWAYS_SEARCH_USER_PATHS = NO;
				CLANG_ANALYZER_NONNULL = YES;
				CLANG_CXX_LANGUAGE_STANDARD = "gnu++0x";
				CLANG_CXX_LIBRARY = "libc++";
				CLANG_ENABLE_MODULES = YES;
				CLANG_ENABLE_OBJC_ARC = YES;
				CLANG_WARN_BOOL_CONVERSION = YES;
				CLANG_WARN_CONSTANT_CONVERSION = YES;
				CLANG_WARN_DIRECT_OBJC_ISA_USAGE = YES_ERROR;
				CLANG_WARN_DOCUMENTATION_COMMENTS = YES;
				CLANG_WARN_EMPTY_BODY = YES;
				CLANG_WARN_ENUM_CONVERSION = YES;
				CLANG_WARN_INFINITE_RECURSION = YES;
				CLANG_WARN_INT_CONVERSION = YES;
				CLANG_WARN_OBJC_ROOT_CLASS = YES_ERROR;
				CLANG_WARN_SUSPICIOUS_MOVES = YES;
				CLANG_WARN_UNREACHABLE_CODE = YES;
				CLANG_WARN__DUPLICATE_METHOD_MATCH = YES;
				"CODE_SIGN_IDENTITY[sdk=iphoneos*]" = "iPhone Developer";
				COPY_PHASE_STRIP = NO;
				DEBUG_INFORMATION_FORMAT = dwarf;
				ENABLE_STRICT_OBJC_MSGSEND = YES;
				ENABLE_TESTABILITY = YES;
				GCC_C_LANGUAGE_STANDARD = gnu99;
				GCC_DYNAMIC_NO_PIC = NO;
				GCC_NO_COMMON_BLOCKS = YES;
				GCC_OPTIMIZATION_LEVEL = 0;
				GCC_PREPROCESSOR_DEFINITIONS = (
					"DEBUG=1",
					"$(inherited)",
				);
				GCC_WARN_64_TO_32_BIT_CONVERSION = YES;
				GCC_WARN_ABOUT_RETURN_TYPE = YES_ERROR;
				GCC_WARN_UNDECLARED_SELECTOR = YES;
				GCC_WARN_UNINITIALIZED_AUTOS = YES_AGGRESSIVE;
				GCC_WARN_UNUSED_FUNCTION = YES;
				GCC_WARN_UNUSED_VARIABLE = YES;
				IPHONEOS_DEPLOYMENT_TARGET = 10.1;
				MTL_ENABLE_DEBUG_INFO = YES;
				ONLY_ACTIVE_ARCH = YES;
				SDKROOT = iphoneos;
				SWIFT_ACTIVE_COMPILATION_CONDITIONS = DEBUG;
				SWIFT_OPTIMIZATION_LEVEL = "-Onone";
				TARGETED_DEVICE_FAMILY = "1,2";
			};
			name = Debug;
		};
		F264C9C81DCEFBC100017ED7 /* Release */ = {
			isa = XCBuildConfiguration;
			buildSettings = {
				ALWAYS_SEARCH_USER_PATHS = NO;
				CLANG_ANALYZER_NONNULL = YES;
				CLANG_CXX_LANGUAGE_STANDARD = "gnu++0x";
				CLANG_CXX_LIBRARY = "libc++";
				CLANG_ENABLE_MODULES = YES;
				CLANG_ENABLE_OBJC_ARC = YES;
				CLANG_WARN_BOOL_CONVERSION = YES;
				CLANG_WARN_CONSTANT_CONVERSION = YES;
				CLANG_WARN_DIRECT_OBJC_ISA_USAGE = YES_ERROR;
				CLANG_WARN_DOCUMENTATION_COMMENTS = YES;
				CLANG_WARN_EMPTY_BODY = YES;
				CLANG_WARN_ENUM_CONVERSION = YES;
				CLANG_WARN_INFINITE_RECURSION = YES;
				CLANG_WARN_INT_CONVERSION = YES;
				CLANG_WARN_OBJC_ROOT_CLASS = YES_ERROR;
				CLANG_WARN_SUSPICIOUS_MOVES = YES;
				CLANG_WARN_UNREACHABLE_CODE = YES;
				CLANG_WARN__DUPLICATE_METHOD_MATCH = YES;
				"CODE_SIGN_IDENTITY[sdk=iphoneos*]" = "iPhone Developer";
				COPY_PHASE_STRIP = NO;
				DEBUG_INFORMATION_FORMAT = "dwarf-with-dsym";
				ENABLE_NS_ASSERTIONS = NO;
				ENABLE_STRICT_OBJC_MSGSEND = YES;
				GCC_C_LANGUAGE_STANDARD = gnu99;
				GCC_NO_COMMON_BLOCKS = YES;
				GCC_WARN_64_TO_32_BIT_CONVERSION = YES;
				GCC_WARN_ABOUT_RETURN_TYPE = YES_ERROR;
				GCC_WARN_UNDECLARED_SELECTOR = YES;
				GCC_WARN_UNINITIALIZED_AUTOS = YES_AGGRESSIVE;
				GCC_WARN_UNUSED_FUNCTION = YES;
				GCC_WARN_UNUSED_VARIABLE = YES;
				IPHONEOS_DEPLOYMENT_TARGET = 10.1;
				MTL_ENABLE_DEBUG_INFO = NO;
				SDKROOT = iphoneos;
				SWIFT_OPTIMIZATION_LEVEL = "-Owholemodule";
				TARGETED_DEVICE_FAMILY = "1,2";
				VALIDATE_PRODUCT = YES;
			};
			name = Release;
		};
		F264C9CA1DCEFBC100017ED7 /* Debug */ = {
			isa = XCBuildConfiguration;
			buildSettings = {
				ASSETCATALOG_COMPILER_APPICON_NAME = AppIcon;
				INFOPLIST_FILE = TestingUI/Info.plist;
				LD_RUNPATH_SEARCH_PATHS = "$(inherited) @executable_path/Frameworks";
				PRODUCT_BUNDLE_IDENTIFIER = com.mama.TestingUI;
				PRODUCT_NAME = "$(TARGET_NAME)";
				SWIFT_VERSION = 3.0;
			};
			name = Debug;
		};
		F264C9CB1DCEFBC100017ED7 /* Release */ = {
			isa = XCBuildConfiguration;
			buildSettings = {
				ASSETCATALOG_COMPILER_APPICON_NAME = AppIcon;
				INFOPLIST_FILE = TestingUI/Info.plist;
				LD_RUNPATH_SEARCH_PATHS = "$(inherited) @executable_path/Frameworks";
				PRODUCT_BUNDLE_IDENTIFIER = com.mama.TestingUI;
				PRODUCT_NAME = "$(TARGET_NAME)";
				SWIFT_VERSION = 3.0;
			};
			name = Release;
		};
/* End XCBuildConfiguration section */

/* Begin XCConfigurationList section */
		F264C9B21DCEFBBF00017ED7 /* Build configuration list for PBXProject "TestingUI" */ = {
			isa = XCConfigurationList;
			buildConfigurations = (
				F264C9C71DCEFBC100017ED7 /* Debug */,
				F264C9C81DCEFBC100017ED7 /* Release */,
			);
			defaultConfigurationIsVisible = 0;
			defaultConfigurationName = Release;
		};
		F264C9C91DCEFBC100017ED7 /* Build configuration list for PBXNativeTarget "TestingUI" */ = {
			isa = XCConfigurationList;
			buildConfigurations = (
				F264C9CA1DCEFBC100017ED7 /* Debug */,
				F264C9CB1DCEFBC100017ED7 /* Release */,
			);
			defaultConfigurationIsVisible = 0;
		};
/* End XCConfigurationList section */
	};
	rootObject = F264C9AF1DCEFBBF00017ED7 /* Project object */;
}
