// !$*UTF8*$!
{
	archiveVersion = 1;
	classes = {
	};
	objectVersion = 46;
	objects = {

/* Begin PBXBuildFile section */
		F2FAC5801DEF28410082BE82 /* AppDelegate.swift in Sources */ = {isa = PBXBuildFile; fileRef = F2FAC57F1DEF28410082BE82 /* AppDelegate.swift */; };
		F2FAC5821DEF28410082BE82 /* ViewController.swift in Sources */ = {isa = PBXBuildFile; fileRef = F2FAC5811DEF28410082BE82 /* ViewController.swift */; };
		F2FAC5851DEF28450082BE82 /* Main.storyboard in Resources */ = {isa = PBXBuildFile; fileRef = F2FAC5831DEF28450082BE82 /* Main.storyboard */; };
		F2FAC5881DEF28460082BE82 /* FileManager.xcdatamodeld in Sources */ = {isa = PBXBuildFile; fileRef = F2FAC5861DEF28460082BE82 /* FileManager.xcdatamodeld */; };
		F2FAC58A1DEF28470082BE82 /* Assets.xcassets in Resources */ = {isa = PBXBuildFile; fileRef = F2FAC5891DEF28470082BE82 /* Assets.xcassets */; };
		F2FAC58D1DEF28470082BE82 /* LaunchScreen.storyboard in Resources */ = {isa = PBXBuildFile; fileRef = F2FAC58B1DEF28470082BE82 /* LaunchScreen.storyboard */; };
/* End PBXBuildFile section */

/* Begin PBXFileReference section */
		F2FAC57C1DEF28400082BE82 /* FileManager.app */ = {isa = PBXFileReference; explicitFileType = wrapper.application; includeInIndex = 0; path = FileManager.app; sourceTree = BUILT_PRODUCTS_DIR; };
		F2FAC57F1DEF28410082BE82 /* AppDelegate.swift */ = {isa = PBXFileReference; lastKnownFileType = sourcecode.swift; path = AppDelegate.swift; sourceTree = "<group>"; };
		F2FAC5811DEF28410082BE82 /* ViewController.swift */ = {isa = PBXFileReference; lastKnownFileType = sourcecode.swift; path = ViewController.swift; sourceTree = "<group>"; };
		F2FAC5841DEF28450082BE82 /* Base */ = {isa = PBXFileReference; lastKnownFileType = file.storyboard; name = Base; path = Base.lproj/Main.storyboard; sourceTree = "<group>"; };
		F2FAC5871DEF28460082BE82 /* FileManager.xcdatamodel */ = {isa = PBXFileReference; lastKnownFileType = wrapper.xcdatamodel; path = FileManager.xcdatamodel; sourceTree = "<group>"; };
		F2FAC5891DEF28470082BE82 /* Assets.xcassets */ = {isa = PBXFileReference; lastKnownFileType = folder.assetcatalog; path = Assets.xcassets; sourceTree = "<group>"; };
		F2FAC58C1DEF28470082BE82 /* Base */ = {isa = PBXFileReference; lastKnownFileType = file.storyboard; name = Base; path = Base.lproj/LaunchScreen.storyboard; sourceTree = "<group>"; };
		F2FAC58E1DEF28470082BE82 /* Info.plist */ = {isa = PBXFileReference; lastKnownFileType = text.plist.xml; path = Info.plist; sourceTree = "<group>"; };
/* End PBXFileReference section */

/* Begin PBXFrameworksBuildPhase section */
		F2FAC5791DEF283C0082BE82 /* Frameworks */ = {
			isa = PBXFrameworksBuildPhase;
			buildActionMask = 2147483647;
			files = (
			);
			runOnlyForDeploymentPostprocessing = 0;
		};
/* End PBXFrameworksBuildPhase section */

/* Begin PBXGroup section */
		F2FAC5731DEF28390082BE82 = {
			isa = PBXGroup;
			children = (
				F2FAC57E1DEF28400082BE82 /* FileManager */,
				F2FAC57D1DEF28400082BE82 /* Products */,
			);
			sourceTree = "<group>";
		};
		F2FAC57D1DEF28400082BE82 /* Products */ = {
			isa = PBXGroup;
			children = (
				F2FAC57C1DEF28400082BE82 /* FileManager.app */,
			);
			name = Products;
			sourceTree = "<group>";
		};
		F2FAC57E1DEF28400082BE82 /* FileManager */ = {
			isa = PBXGroup;
			children = (
				F2FAC57F1DEF28410082BE82 /* AppDelegate.swift */,
				F2FAC5811DEF28410082BE82 /* ViewController.swift */,
				F2FAC5831DEF28450082BE82 /* Main.storyboard */,
				F2FAC5891DEF28470082BE82 /* Assets.xcassets */,
				F2FAC58B1DEF28470082BE82 /* LaunchScreen.storyboard */,
				F2FAC58E1DEF28470082BE82 /* Info.plist */,
				F2FAC5861DEF28460082BE82 /* FileManager.xcdatamodeld */,
			);
			path = FileManager;
			sourceTree = "<group>";
		};
/* End PBXGroup section */

/* Begin PBXNativeTarget section */
		F2FAC57B1DEF283C0082BE82 /* FileManager */ = {
			isa = PBXNativeTarget;
			buildConfigurationList = F2FAC5911DEF28470082BE82 /* Build configuration list for PBXNativeTarget "FileManager" */;
			buildPhases = (
				F2FAC5781DEF283C0082BE82 /* Sources */,
				F2FAC5791DEF283C0082BE82 /* Frameworks */,
				F2FAC57A1DEF283C0082BE82 /* Resources */,
			);
			buildRules = (
			);
			dependencies = (
			);
			name = FileManager;
			productName = FileManager;
			productReference = F2FAC57C1DEF28400082BE82 /* FileManager.app */;
			productType = "com.apple.product-type.application";
		};
/* End PBXNativeTarget section */

/* Begin PBXProject section */
		F2FAC5741DEF28390082BE82 /* Project object */ = {
			isa = PBXProject;
			attributes = {
				LastSwiftUpdateCheck = 0810;
				LastUpgradeCheck = 0810;
				ORGANIZATIONNAME = "Moeung Theara";
				TargetAttributes = {
					F2FAC57B1DEF283C0082BE82 = {
						CreatedOnToolsVersion = 8.1;
						ProvisioningStyle = Automatic;
					};
				};
			};
			buildConfigurationList = F2FAC5771DEF28390082BE82 /* Build configuration list for PBXProject "FileManager" */;
			compatibilityVersion = "Xcode 3.2";
			developmentRegion = English;
			hasScannedForEncodings = 0;
			knownRegions = (
				en,
				Base,
			);
			mainGroup = F2FAC5731DEF28390082BE82;
			productRefGroup = F2FAC57D1DEF28400082BE82 /* Products */;
			projectDirPath = "";
			projectRoot = "";
			targets = (
				F2FAC57B1DEF283C0082BE82 /* FileManager */,
			);
		};
/* End PBXProject section */

/* Begin PBXResourcesBuildPhase section */
		F2FAC57A1DEF283C0082BE82 /* Resources */ = {
			isa = PBXResourcesBuildPhase;
			buildActionMask = 2147483647;
			files = (
				F2FAC58D1DEF28470082BE82 /* LaunchScreen.storyboard in Resources */,
				F2FAC58A1DEF28470082BE82 /* Assets.xcassets in Resources */,
				F2FAC5851DEF28450082BE82 /* Main.storyboard in Resources */,
			);
			runOnlyForDeploymentPostprocessing = 0;
		};
/* End PBXResourcesBuildPhase section */

/* Begin PBXSourcesBuildPhase section */
		F2FAC5781DEF283C0082BE82 /* Sources */ = {
			isa = PBXSourcesBuildPhase;
			buildActionMask = 2147483647;
			files = (
				F2FAC5821DEF28410082BE82 /* ViewController.swift in Sources */,
				F2FAC5881DEF28460082BE82 /* FileManager.xcdatamodeld in Sources */,
				F2FAC5801DEF28410082BE82 /* AppDelegate.swift in Sources */,
			);
			runOnlyForDeploymentPostprocessing = 0;
		};
/* End PBXSourcesBuildPhase section */

/* Begin PBXVariantGroup section */
		F2FAC5831DEF28450082BE82 /* Main.storyboard */ = {
			isa = PBXVariantGroup;
			children = (
				F2FAC5841DEF28450082BE82 /* Base */,
			);
			name = Main.storyboard;
			sourceTree = "<group>";
		};
		F2FAC58B1DEF28470082BE82 /* LaunchScreen.storyboard */ = {
			isa = PBXVariantGroup;
			children = (
				F2FAC58C1DEF28470082BE82 /* Base */,
			);
			name = LaunchScreen.storyboard;
			sourceTree = "<group>";
		};
/* End PBXVariantGroup section */

/* Begin XCBuildConfiguration section */
		F2FAC58F1DEF28470082BE82 /* Debug */ = {
			isa = XCBuildConfiguration;
			buildSettings = {
				ALWAYS_SEARCH_USER_PATHS = NO;
				CLANG_ANALYZER_NONNULL = YES;
				CLANG_CXX_LANGUAGE_STANDARD = "gnu++0x";
				CLANG_CXX_LIBRARY = "libc++";
				CLANG_ENABLE_MODULES = YES;
				CLANG_ENABLE_OBJC_ARC = YES;
				CLANG_WARN_BOOL_CONVERSION = YES;
				CLANG_WARN_CONSTANT_CONVERSION = YES;
				CLANG_WARN_DIRECT_OBJC_ISA_USAGE = YES_ERROR;
				CLANG_WARN_DOCUMENTATION_COMMENTS = YES;
				CLANG_WARN_EMPTY_BODY = YES;
				CLANG_WARN_ENUM_CONVERSION = YES;
				CLANG_WARN_INFINITE_RECURSION = YES;
				CLANG_WARN_INT_CONVERSION = YES;
				CLANG_WARN_OBJC_ROOT_CLASS = YES_ERROR;
				CLANG_WARN_SUSPICIOUS_MOVES = YES;
				CLANG_WARN_UNREACHABLE_CODE = YES;
				CLANG_WARN__DUPLICATE_METHOD_MATCH = YES;
				"CODE_SIGN_IDENTITY[sdk=iphoneos*]" = "iPhone Developer";
				COPY_PHASE_STRIP = NO;
				DEBUG_INFORMATION_FORMAT = dwarf;
				ENABLE_STRICT_OBJC_MSGSEND = YES;
				ENABLE_TESTABILITY = YES;
				GCC_C_LANGUAGE_STANDARD = gnu99;
				GCC_DYNAMIC_NO_PIC = NO;
				GCC_NO_COMMON_BLOCKS = YES;
				GCC_OPTIMIZATION_LEVEL = 0;
				GCC_PREPROCESSOR_DEFINITIONS = (
					"DEBUG=1",
					"$(inherited)",
				);
				GCC_WARN_64_TO_32_BIT_CONVERSION = YES;
				GCC_WARN_ABOUT_RETURN_TYPE = YES_ERROR;
				GCC_WARN_UNDECLARED_SELECTOR = YES;
				GCC_WARN_UNINITIALIZED_AUTOS = YES_AGGRESSIVE;
				GCC_WARN_UNUSED_FUNCTION = YES;
				GCC_WARN_UNUSED_VARIABLE = YES;
				IPHONEOS_DEPLOYMENT_TARGET = 10.1;
				MTL_ENABLE_DEBUG_INFO = YES;
				ONLY_ACTIVE_ARCH = YES;
				SDKROOT = iphoneos;
				SWIFT_ACTIVE_COMPILATION_CONDITIONS = DEBUG;
				SWIFT_OPTIMIZATION_LEVEL = "-Onone";
				TARGETED_DEVICE_FAMILY = "1,2";
			};
			name = Debug;
		};
		F2FAC5901DEF28470082BE82 /* Release */ = {
			isa = XCBuildConfiguration;
			buildSettings = {
				ALWAYS_SEARCH_USER_PATHS = NO;
				CLANG_ANALYZER_NONNULL = YES;
				CLANG_CXX_LANGUAGE_STANDARD = "gnu++0x";
				CLANG_CXX_LIBRARY = "libc++";
				CLANG_ENABLE_MODULES = YES;
				CLANG_ENABLE_OBJC_ARC = YES;
				CLANG_WARN_BOOL_CONVERSION = YES;
				CLANG_WARN_CONSTANT_CONVERSION = YES;
				CLANG_WARN_DIRECT_OBJC_ISA_USAGE = YES_ERROR;
				CLANG_WARN_DOCUMENTATION_COMMENTS = YES;
				CLANG_WARN_EMPTY_BODY = YES;
				CLANG_WARN_ENUM_CONVERSION = YES;
				CLANG_WARN_INFINITE_RECURSION = YES;
				CLANG_WARN_INT_CONVERSION = YES;
				CLANG_WARN_OBJC_ROOT_CLASS = YES_ERROR;
				CLANG_WARN_SUSPICIOUS_MOVES = YES;
				CLANG_WARN_UNREACHABLE_CODE = YES;
				CLANG_WARN__DUPLICATE_METHOD_MATCH = YES;
				"CODE_SIGN_IDENTITY[sdk=iphoneos*]" = "iPhone Developer";
				COPY_PHASE_STRIP = NO;
				DEBUG_INFORMATION_FORMAT = "dwarf-with-dsym";
				ENABLE_NS_ASSERTIONS = NO;
				ENABLE_STRICT_OBJC_MSGSEND = YES;
				GCC_C_LANGUAGE_STANDARD = gnu99;
				GCC_NO_COMMON_BLOCKS = YES;
				GCC_WARN_64_TO_32_BIT_CONVERSION = YES;
				GCC_WARN_ABOUT_RETURN_TYPE = YES_ERROR;
				GCC_WARN_UNDECLARED_SELECTOR = YES;
				GCC_WARN_UNINITIALIZED_AUTOS = YES_AGGRESSIVE;
				GCC_WARN_UNUSED_FUNCTION = YES;
				GCC_WARN_UNUSED_VARIABLE = YES;
				IPHONEOS_DEPLOYMENT_TARGET = 10.1;
				MTL_ENABLE_DEBUG_INFO = NO;
				SDKROOT = iphoneos;
				SWIFT_OPTIMIZATION_LEVEL = "-Owholemodule";
				TARGETED_DEVICE_FAMILY = "1,2";
				VALIDATE_PRODUCT = YES;
			};
			name = Release;
		};
		F2FAC5921DEF28470082BE82 /* Debug */ = {
			isa = XCBuildConfiguration;
			buildSettings = {
				ASSETCATALOG_COMPILER_APPICON_NAME = AppIcon;
				INFOPLIST_FILE = FileManager/Info.plist;
				LD_RUNPATH_SEARCH_PATHS = "$(inherited) @executable_path/Frameworks";
				PRODUCT_BUNDLE_IDENTIFIER = com.mama.FileManager;
				PRODUCT_NAME = "$(TARGET_NAME)";
				SWIFT_VERSION = 3.0;
			};
			name = Debug;
		};
		F2FAC5931DEF28470082BE82 /* Release */ = {
			isa = XCBuildConfiguration;
			buildSettings = {
				ASSETCATALOG_COMPILER_APPICON_NAME = AppIcon;
				INFOPLIST_FILE = FileManager/Info.plist;
				LD_RUNPATH_SEARCH_PATHS = "$(inherited) @executable_path/Frameworks";
				PRODUCT_BUNDLE_IDENTIFIER = com.mama.FileManager;
				PRODUCT_NAME = "$(TARGET_NAME)";
				SWIFT_VERSION = 3.0;
			};
			name = Release;
		};
/* End XCBuildConfiguration section */

/* Begin XCConfigurationList section */
		F2FAC5771DEF28390082BE82 /* Build configuration list for PBXProject "FileManager" */ = {
			isa = XCConfigurationList;
			buildConfigurations = (
				F2FAC58F1DEF28470082BE82 /* Debug */,
				F2FAC5901DEF28470082BE82 /* Release */,
			);
			defaultConfigurationIsVisible = 0;
			defaultConfigurationName = Release;
		};
		F2FAC5911DEF28470082BE82 /* Build configuration list for PBXNativeTarget "FileManager" */ = {
			isa = XCConfigurationList;
			buildConfigurations = (
				F2FAC5921DEF28470082BE82 /* Debug */,
				F2FAC5931DEF28470082BE82 /* Release */,
			);
			defaultConfigurationIsVisible = 0;
		};
/* End XCConfigurationList section */

/* Begin XCVersionGroup section */
		F2FAC5861DEF28460082BE82 /* FileManager.xcdatamodeld */ = {
			isa = XCVersionGroup;
			children = (
				F2FAC5871DEF28460082BE82 /* FileManager.xcdatamodel */,
			);
			currentVersion = F2FAC5871DEF28460082BE82 /* FileManager.xcdatamodel */;
			path = FileManager.xcdatamodeld;
			sourceTree = "<group>";
			versionGroupType = wrapper.xcdatamodel;
		};
/* End XCVersionGroup section */
	};
	rootObject = F2FAC5741DEF28390082BE82 /* Project object */;
}
