// !$*UTF8*$!
{
	archiveVersion = 1;
	classes = {
	};
	objectVersion = 46;
	objects = {

/* Begin PBXBuildFile section */
		F2657C3F1DFCFA91009AA368 /* AppDelegate.swift in Sources */ = {isa = PBXBuildFile; fileRef = F2657C3E1DFCFA91009AA368 /* AppDelegate.swift */; };
		F2657C411DFCFA91009AA368 /* ViewController.swift in Sources */ = {isa = PBXBuildFile; fileRef = F2657C401DFCFA91009AA368 /* ViewController.swift */; };
		F2657C441DFCFA91009AA368 /* Main.storyboard in Resources */ = {isa = PBXBuildFile; fileRef = F2657C421DFCFA91009AA368 /* Main.storyboard */; };
		F2657C461DFCFA91009AA368 /* Assets.xcassets in Resources */ = {isa = PBXBuildFile; fileRef = F2657C451DFCFA91009AA368 /* Assets.xcassets */; };
		F2657C491DFCFA91009AA368 /* LaunchScreen.storyboard in Resources */ = {isa = PBXBuildFile; fileRef = F2657C471DFCFA91009AA368 /* LaunchScreen.storyboard */; };
/* End PBXBuildFile section */

/* Begin PBXFileReference section */
		F2657C3B1DFCFA91009AA368 /* HomeWork3.app */ = {isa = PBXFileReference; explicitFileType = wrapper.application; includeInIndex = 0; path = HomeWork3.app; sourceTree = BUILT_PRODUCTS_DIR; };
		F2657C3E1DFCFA91009AA368 /* AppDelegate.swift */ = {isa = PBXFileReference; lastKnownFileType = sourcecode.swift; name = AppDelegate.swift; path = ../AppDelegate.swift; sourceTree = "<group>"; };
		F2657C401DFCFA91009AA368 /* ViewController.swift */ = {isa = PBXFileReference; lastKnownFileType = sourcecode.swift; name = ViewController.swift; path = ../ViewController.swift; sourceTree = "<group>"; };
		F2657C431DFCFA91009AA368 /* Base */ = {isa = PBXFileReference; lastKnownFileType = file.storyboard; name = Base; path = Base.lproj/Main.storyboard; sourceTree = "<group>"; };
		F2657C451DFCFA91009AA368 /* Assets.xcassets */ = {isa = PBXFileReference; lastKnownFileType = folder.assetcatalog; name = Assets.xcassets; path = ../Assets.xcassets; sourceTree = "<group>"; };
		F2657C481DFCFA91009AA368 /* Base */ = {isa = PBXFileReference; lastKnownFileType = file.storyboard; name = Base; path = Base.lproj/LaunchScreen.storyboard; sourceTree = "<group>"; };
		F2657C4A1DFCFA91009AA368 /* Info.plist */ = {isa = PBXFileReference; lastKnownFileType = text.plist.xml; name = Info.plist; path = ../Info.plist; sourceTree = "<group>"; };
/* End PBXFileReference section */

/* Begin PBXFrameworksBuildPhase section */
		F2657C381DFCFA90009AA368 /* Frameworks */ = {
			isa = PBXFrameworksBuildPhase;
			buildActionMask = 2147483647;
			files = (
			);
			runOnlyForDeploymentPostprocessing = 0;
		};
/* End PBXFrameworksBuildPhase section */

/* Begin PBXGroup section */
		F2657C321DFCFA90009AA368 = {
			isa = PBXGroup;
			children = (
				F2657C3D1DFCFA91009AA368 /* HomeWork3 */,
				F2657C3C1DFCFA91009AA368 /* Products */,
			);
			sourceTree = "<group>";
		};
		F2657C3C1DFCFA91009AA368 /* Products */ = {
			isa = PBXGroup;
			children = (
				F2657C3B1DFCFA91009AA368 /* HomeWork3.app */,
			);
			name = Products;
			sourceTree = "<group>";
		};
		F2657C3D1DFCFA91009AA368 /* HomeWork3 */ = {
			isa = PBXGroup;
			children = (
				F2657C571DFCFD2A009AA368 /* View */,
				F2657C581DFCFD68009AA368 /* Application */,
				F2657C501DFCFD2A009AA368 /* Controller */,
				F2657C511DFCFD2A009AA368 /* Library */,
				F2657C521DFCFD2A009AA368 /* Model */,
				F2657C531DFCFD2A009AA368 /* Resources */,
				F2657C541DFCFD2A009AA368 /* Service  */,
				F2657C551DFCFD2A009AA368 /* Supporting File */,
				F2657C561DFCFD2A009AA368 /* Utilities */,
				F2657C421DFCFA91009AA368 /* Main.storyboard */,
				F2657C471DFCFA91009AA368 /* LaunchScreen.storyboard */,
			);
			path = HomeWork3;
			sourceTree = "<group>";
		};
		F2657C501DFCFD2A009AA368 /* Controller */ = {
			isa = PBXGroup;
			children = (
				F2657C401DFCFA91009AA368 /* ViewController.swift */,
			);
			path = Controller;
			sourceTree = "<group>";
		};
		F2657C511DFCFD2A009AA368 /* Library */ = {
			isa = PBXGroup;
			children = (
			);
			path = Library;
			sourceTree = "<group>";
		};
		F2657C521DFCFD2A009AA368 /* Model */ = {
			isa = PBXGroup;
			children = (
			);
			path = Model;
			sourceTree = "<group>";
		};
		F2657C531DFCFD2A009AA368 /* Resources */ = {
			isa = PBXGroup;
			children = (
				F2657C451DFCFA91009AA368 /* Assets.xcassets */,
			);
			path = Resources;
			sourceTree = "<group>";
		};
		F2657C541DFCFD2A009AA368 /* Service  */ = {
			isa = PBXGroup;
			children = (
			);
			path = "Service ";
			sourceTree = "<group>";
		};
		F2657C551DFCFD2A009AA368 /* Supporting File */ = {
			isa = PBXGroup;
			children = (
				F2657C4A1DFCFA91009AA368 /* Info.plist */,
			);
			path = "Supporting File";
			sourceTree = "<group>";
		};
		F2657C561DFCFD2A009AA368 /* Utilities */ = {
			isa = PBXGroup;
			children = (
			);
			path = Utilities;
			sourceTree = "<group>";
		};
		F2657C571DFCFD2A009AA368 /* View */ = {
			isa = PBXGroup;
			children = (
			);
			path = View;
			sourceTree = "<group>";
		};
		F2657C581DFCFD68009AA368 /* Application */ = {
			isa = PBXGroup;
			children = (
				F2657C3E1DFCFA91009AA368 /* AppDelegate.swift */,
			);
			path = Application;
			sourceTree = "<group>";
		};
/* End PBXGroup section */

/* Begin PBXNativeTarget section */
		F2657C3A1DFCFA90009AA368 /* HomeWork3 */ = {
			isa = PBXNativeTarget;
			buildConfigurationList = F2657C4D1DFCFA91009AA368 /* Build configuration list for PBXNativeTarget "HomeWork3" */;
			buildPhases = (
				F2657C371DFCFA90009AA368 /* Sources */,
				F2657C381DFCFA90009AA368 /* Frameworks */,
				F2657C391DFCFA90009AA368 /* Resources */,
			);
			buildRules = (
			);
			dependencies = (
			);
			name = HomeWork3;
			productName = HomeWork3;
			productReference = F2657C3B1DFCFA91009AA368 /* HomeWork3.app */;
			productType = "com.apple.product-type.application";
		};
/* End PBXNativeTarget section */

/* Begin PBXProject section */
		F2657C331DFCFA90009AA368 /* Project object */ = {
			isa = PBXProject;
			attributes = {
				LastSwiftUpdateCheck = 0810;
				LastUpgradeCheck = 0810;
				ORGANIZATIONNAME = "Moeung Theara";
				TargetAttributes = {
					F2657C3A1DFCFA90009AA368 = {
						CreatedOnToolsVersion = 8.1;
						DevelopmentTeam = B2RPCX3Q42;
						ProvisioningStyle = Automatic;
					};
				};
			};
			buildConfigurationList = F2657C361DFCFA90009AA368 /* Build configuration list for PBXProject "HomeWork3" */;
			compatibilityVersion = "Xcode 3.2";
			developmentRegion = English;
			hasScannedForEncodings = 0;
			knownRegions = (
				en,
				Base,
			);
			mainGroup = F2657C321DFCFA90009AA368;
			productRefGroup = F2657C3C1DFCFA91009AA368 /* Products */;
			projectDirPath = "";
			projectRoot = "";
			targets = (
				F2657C3A1DFCFA90009AA368 /* HomeWork3 */,
			);
		};
/* End PBXProject section */

/* Begin PBXResourcesBuildPhase section */
		F2657C391DFCFA90009AA368 /* Resources */ = {
			isa = PBXResourcesBuildPhase;
			buildActionMask = 2147483647;
			files = (
				F2657C491DFCFA91009AA368 /* LaunchScreen.storyboard in Resources */,
				F2657C461DFCFA91009AA368 /* Assets.xcassets in Resources */,
				F2657C441DFCFA91009AA368 /* Main.storyboard in Resources */,
			);
			runOnlyForDeploymentPostprocessing = 0;
		};
/* End PBXResourcesBuildPhase section */

/* Begin PBXSourcesBuildPhase section */
		F2657C371DFCFA90009AA368 /* Sources */ = {
			isa = PBXSourcesBuildPhase;
			buildActionMask = 2147483647;
			files = (
				F2657C411DFCFA91009AA368 /* ViewController.swift in Sources */,
				F2657C3F1DFCFA91009AA368 /* AppDelegate.swift in Sources */,
			);
			runOnlyForDeploymentPostprocessing = 0;
		};
/* End PBXSourcesBuildPhase section */

/* Begin PBXVariantGroup section */
		F2657C421DFCFA91009AA368 /* Main.storyboard */ = {
			isa = PBXVariantGroup;
			children = (
				F2657C431DFCFA91009AA368 /* Base */,
			);
			name = Main.storyboard;
			sourceTree = "<group>";
		};
		F2657C471DFCFA91009AA368 /* LaunchScreen.storyboard */ = {
			isa = PBXVariantGroup;
			children = (
				F2657C481DFCFA91009AA368 /* Base */,
			);
			name = LaunchScreen.storyboard;
			sourceTree = "<group>";
		};
/* End PBXVariantGroup section */

/* Begin XCBuildConfiguration section */
		F2657C4B1DFCFA91009AA368 /* Debug */ = {
			isa = XCBuildConfiguration;
			buildSettings = {
				ALWAYS_SEARCH_USER_PATHS = NO;
				CLANG_ANALYZER_NONNULL = YES;
				CLANG_CXX_LANGUAGE_STANDARD = "gnu++0x";
				CLANG_CXX_LIBRARY = "libc++";
				CLANG_ENABLE_MODULES = YES;
				CLANG_ENABLE_OBJC_ARC = YES;
				CLANG_WARN_BOOL_CONVERSION = YES;
				CLANG_WARN_CONSTANT_CONVERSION = YES;
				CLANG_WARN_DIRECT_OBJC_ISA_USAGE = YES_ERROR;
				CLANG_WARN_DOCUMENTATION_COMMENTS = YES;
				CLANG_WARN_EMPTY_BODY = YES;
				CLANG_WARN_ENUM_CONVERSION = YES;
				CLANG_WARN_INFINITE_RECURSION = YES;
				CLANG_WARN_INT_CONVERSION = YES;
				CLANG_WARN_OBJC_ROOT_CLASS = YES_ERROR;
				CLANG_WARN_SUSPICIOUS_MOVES = YES;
				CLANG_WARN_UNREACHABLE_CODE = YES;
				CLANG_WARN__DUPLICATE_METHOD_MATCH = YES;
				"CODE_SIGN_IDENTITY[sdk=iphoneos*]" = "iPhone Developer";
				COPY_PHASE_STRIP = NO;
				DEBUG_INFORMATION_FORMAT = dwarf;
				ENABLE_STRICT_OBJC_MSGSEND = YES;
				ENABLE_TESTABILITY = YES;
				GCC_C_LANGUAGE_STANDARD = gnu99;
				GCC_DYNAMIC_NO_PIC = NO;
				GCC_NO_COMMON_BLOCKS = YES;
				GCC_OPTIMIZATION_LEVEL = 0;
				GCC_PREPROCESSOR_DEFINITIONS = (
					"DEBUG=1",
					"$(inherited)",
				);
				GCC_WARN_64_TO_32_BIT_CONVERSION = YES;
				GCC_WARN_ABOUT_RETURN_TYPE = YES_ERROR;
				GCC_WARN_UNDECLARED_SELECTOR = YES;
				GCC_WARN_UNINITIALIZED_AUTOS = YES_AGGRESSIVE;
				GCC_WARN_UNUSED_FUNCTION = YES;
				GCC_WARN_UNUSED_VARIABLE = YES;
				IPHONEOS_DEPLOYMENT_TARGET = 10.1;
				MTL_ENABLE_DEBUG_INFO = YES;
				ONLY_ACTIVE_ARCH = YES;
				SDKROOT = iphoneos;
				SWIFT_ACTIVE_COMPILATION_CONDITIONS = DEBUG;
				SWIFT_OPTIMIZATION_LEVEL = "-Onone";
				TARGETED_DEVICE_FAMILY = "1,2";
			};
			name = Debug;
		};
		F2657C4C1DFCFA91009AA368 /* Release */ = {
			isa = XCBuildConfiguration;
			buildSettings = {
				ALWAYS_SEARCH_USER_PATHS = NO;
				CLANG_ANALYZER_NONNULL = YES;
				CLANG_CXX_LANGUAGE_STANDARD = "gnu++0x";
				CLANG_CXX_LIBRARY = "libc++";
				CLANG_ENABLE_MODULES = YES;
				CLANG_ENABLE_OBJC_ARC = YES;
				CLANG_WARN_BOOL_CONVERSION = YES;
				CLANG_WARN_CONSTANT_CONVERSION = YES;
				CLANG_WARN_DIRECT_OBJC_ISA_USAGE = YES_ERROR;
				CLANG_WARN_DOCUMENTATION_COMMENTS = YES;
				CLANG_WARN_EMPTY_BODY = YES;
				CLANG_WARN_ENUM_CONVERSION = YES;
				CLANG_WARN_INFINITE_RECURSION = YES;
				CLANG_WARN_INT_CONVERSION = YES;
				CLANG_WARN_OBJC_ROOT_CLASS = YES_ERROR;
				CLANG_WARN_SUSPICIOUS_MOVES = YES;
				CLANG_WARN_UNREACHABLE_CODE = YES;
				CLANG_WARN__DUPLICATE_METHOD_MATCH = YES;
				"CODE_SIGN_IDENTITY[sdk=iphoneos*]" = "iPhone Developer";
				COPY_PHASE_STRIP = NO;
				DEBUG_INFORMATION_FORMAT = "dwarf-with-dsym";
				ENABLE_NS_ASSERTIONS = NO;
				ENABLE_STRICT_OBJC_MSGSEND = YES;
				GCC_C_LANGUAGE_STANDARD = gnu99;
				GCC_NO_COMMON_BLOCKS = YES;
				GCC_WARN_64_TO_32_BIT_CONVERSION = YES;
				GCC_WARN_ABOUT_RETURN_TYPE = YES_ERROR;
				GCC_WARN_UNDECLARED_SELECTOR = YES;
				GCC_WARN_UNINITIALIZED_AUTOS = YES_AGGRESSIVE;
				GCC_WARN_UNUSED_FUNCTION = YES;
				GCC_WARN_UNUSED_VARIABLE = YES;
				IPHONEOS_DEPLOYMENT_TARGET = 10.1;
				MTL_ENABLE_DEBUG_INFO = NO;
				SDKROOT = iphoneos;
				SWIFT_OPTIMIZATION_LEVEL = "-Owholemodule";
				TARGETED_DEVICE_FAMILY = "1,2";
				VALIDATE_PRODUCT = YES;
			};
			name = Release;
		};
		F2657C4E1DFCFA91009AA368 /* Debug */ = {
			isa = XCBuildConfiguration;
			buildSettings = {
				ASSETCATALOG_COMPILER_APPICON_NAME = AppIcon;
				DEVELOPMENT_TEAM = B2RPCX3Q42;
				INFOPLIST_FILE = HomeWork3/Info.plist;
				LD_RUNPATH_SEARCH_PATHS = "$(inherited) @executable_path/Frameworks";
				PRODUCT_BUNDLE_IDENTIFIER = com.mama.HomeWork3;
				PRODUCT_NAME = "$(TARGET_NAME)";
				SWIFT_VERSION = 3.0;
			};
			name = Debug;
		};
		F2657C4F1DFCFA91009AA368 /* Release */ = {
			isa = XCBuildConfiguration;
			buildSettings = {
				ASSETCATALOG_COMPILER_APPICON_NAME = AppIcon;
				DEVELOPMENT_TEAM = B2RPCX3Q42;
				INFOPLIST_FILE = HomeWork3/Info.plist;
				LD_RUNPATH_SEARCH_PATHS = "$(inherited) @executable_path/Frameworks";
				PRODUCT_BUNDLE_IDENTIFIER = com.mama.HomeWork3;
				PRODUCT_NAME = "$(TARGET_NAME)";
				SWIFT_VERSION = 3.0;
			};
			name = Release;
		};
/* End XCBuildConfiguration section */

/* Begin XCConfigurationList section */
		F2657C361DFCFA90009AA368 /* Build configuration list for PBXProject "HomeWork3" */ = {
			isa = XCConfigurationList;
			buildConfigurations = (
				F2657C4B1DFCFA91009AA368 /* Debug */,
				F2657C4C1DFCFA91009AA368 /* Release */,
			);
			defaultConfigurationIsVisible = 0;
			defaultConfigurationName = Release;
		};
		F2657C4D1DFCFA91009AA368 /* Build configuration list for PBXNativeTarget "HomeWork3" */ = {
			isa = XCConfigurationList;
			buildConfigurations = (
				F2657C4E1DFCFA91009AA368 /* Debug */,
				F2657C4F1DFCFA91009AA368 /* Release */,
			);
			defaultConfigurationIsVisible = 0;
			defaultConfigurationName = Release;
		};
/* End XCConfigurationList section */
	};
	rootObject = F2657C331DFCFA90009AA368 /* Project object */;
}
